PODS:
  - BlocksKit (2.2.5):
    - BlocksKit/All (= 2.2.5)
  - BlocksKit/All (2.2.5):
    - BlocksKit/Core
    - BlocksKit/DynamicDelegate
    - BlocksKit/MessageUI
    - BlocksKit/UIKit
  - BlocksKit/Core (2.2.5)
  - BlocksKit/DynamicDelegate (2.2.5)
  - BlocksKit/MessageUI (2.2.5):
    - BlocksKit/Core
    - BlocksKit/DynamicDelegate
  - BlocksKit/UIKit (2.2.5):
    - BlocksKit/Core
    - BlocksKit/DynamicDelegate
  - ConciseKit (0.1.2)
  - FMDB (2.6):
    - FMDB/standard (= 2.6)
  - FMDB/standard (2.6)
  - INTULocationManager (4.1.1)
  - iRate (1.10.3)
  - MJRefresh (3.1.0)
  - MKNetworkKit (0.87):
    - Reachability (~> 3.1.0)
  - PNChart (0.8.8):
    - UICountingLabel (~> 1.2.0)
  - pop (1.0.8)
  - Reachability (3.1.1)
  - RESideMenu (4.0.7)
  - SDWebImage (3.7.4):
    - SDWebImage/Core (= 3.7.4)
  - SDWebImage/Core (3.7.4)
  - SHXMLParser (1.1.0)
  - SSToolkit (1.0.4)
  - SSZipArchive (1.0.1)
  - SVProgressHUD (HEAD based on 2.0-beta3)
  - SWTableViewCell (0.3.7)
  - TPKeyboardAvoiding (1.2.3)
  - UICountingLabel (1.2.0)

DEPENDENCIES:
  - BlocksKit (= 2.2.5)
  - ConciseKit (= 0.1.2)
  - FMDB
  - INTULocationManager
  - iRate (~> 1.10.3)
  - MJRefresh
  - MKNetworkKit
  - PNChart
  - pop (~> 1.0)
  - RESideMenu
  - SDWebImage (~> 3.7)
  - SHXMLParser (= 1.1.0)
  - SSToolkit (from `https://github.com/soffes/sstoolkit.git`, commit `1403f02cb98f8357f4b8e43c59d9c69d608d7bed`)
  - SSZipArchive
  - SVProgressHUD (HEAD)
  - SWTableViewCell (~> 0.3.7)
  - TPKeyboardAvoiding (= 1.2.3)

EXTERNAL SOURCES:
  SSToolkit:
    :commit: 1403f02cb98f8357f4b8e43c59d9c69d608d7bed
    :git: https://github.com/soffes/sstoolkit.git

CHECKOUT OPTIONS:
  SSToolkit:
    :commit: 1403f02cb98f8357f4b8e43c59d9c69d608d7bed
    :git: https://github.com/soffes/sstoolkit.git

SPEC CHECKSUMS:
  BlocksKit: 7f422b971407001178d181a43b99014ea2591fe6
  ConciseKit: 6eda679f3a18c050490e018eae2b497e656055ff
  FMDB: c1968bab3ab0aed38f66cb778ae1e7fa9a652b6e
  INTULocationManager: 83c7373048d583cda57e25eefb9bb8a3675acf16
  iRate: 724a3e080d5b0681e50a57d6cef1a81f83c23df3
  MJRefresh: 743e6404967d1c2c688472ea3ecfde247d872db4
  MKNetworkKit: 60ad3c83b62183e40ba75ce772c9427c25b520de
  PNChart: 25f91e9c4688af49c3647489760624d037f5383f
  pop: bb773ae2c791ca2629de13b347e7a8b450fa6a57
  Reachability: dd9aa4fb6667b9f787690a74f53cb7634ce99893
  RESideMenu: f24c508404b49c667344c54aba7e590883533958
  SDWebImage: 247edd7dd80dd6124197b0d6a17846fe9d1df968
  SHXMLParser: 3e5ada336541b3e5b8d66046a14c2bf49742c62e
  SSToolkit: f75a749d3ccb3f9b32bb135c24958fc4265374e7
  SSZipArchive: 5f30a0af2cb3d48c0ff83b1e18029f7041ac3c38
  SVProgressHUD: 7c27dc7cd60b62124155e7aca085c165a2c75e54
  SWTableViewCell: 2a94aadc9d47b2b611fa064566bf57948b95b579
  TPKeyboardAvoiding: ab1760b9813202b5a570a2cef4b4404ef36b50c5
  UICountingLabel: 1db4e7d023e1762171eb226d6dff47a7a84f27aa

COCOAPODS: 0.39.0
