// !$*UTF8*$!
{
	archiveVersion = 1;
	classes = {
	};
	objectVersion = 46;
	objects = {

/* Begin PBXBuildFile section */
		6031C53C1C4C89B900D6B567 /* HomeController.m in Sources */ = {isa = PBXBuildFile; fileRef = 6031C53B1C4C89B900D6B567 /* HomeController.m */; };
		6031C53F1C4C8E9F00D6B567 /* XLPlainFlowLayout.m in Sources */ = {isa = PBXBuildFile; fileRef = 6031C53E1C4C8E9F00D6B567 /* XLPlainFlowLayout.m */; };
		6031C5431C4C922600D6B567 /* HomeCollectionViewCell.m in Sources */ = {isa = PBXBuildFile; fileRef = 6031C5411C4C922600D6B567 /* HomeCollectionViewCell.m */; };
		6031C5441C4C922600D6B567 /* HomeCollectionViewCell.xib in Resources */ = {isa = PBXBuildFile; fileRef = 6031C5421C4C922600D6B567 /* HomeCollectionViewCell.xib */; };
		6031C5461C4CE63E00D6B567 /* HomeController.m in Sources */ = {isa = PBXBuildFile; fileRef = 6031C53B1C4C89B900D6B567 /* HomeController.m */; };
		606E79E41C4DDE43000F3027 /* DetailController.m in Sources */ = {isa = PBXBuildFile; fileRef = 606E79E31C4DDE43000F3027 /* DetailController.m */; };
		60DD429F1C43A8F90041572F /* main.m in Sources */ = {isa = PBXBuildFile; fileRef = 60DD429E1C43A8F90041572F /* main.m */; };
		60DD42A21C43A8F90041572F /* AppDelegate.m in Sources */ = {isa = PBXBuildFile; fileRef = 60DD42A11C43A8F90041572F /* AppDelegate.m */; };
		60DD42A81C43A8F90041572F /* Main.storyboard in Resources */ = {isa = PBXBuildFile; fileRef = 60DD42A61C43A8F90041572F /* Main.storyboard */; };
		60DD42AA1C43A8F90041572F /* Assets.xcassets in Resources */ = {isa = PBXBuildFile; fileRef = 60DD42A91C43A8F90041572F /* Assets.xcassets */; };
		60DD42B81C43A8F90041572F /* iOS_FanmoreIndianaTests.m in Sources */ = {isa = PBXBuildFile; fileRef = 60DD42B71C43A8F90041572F /* iOS_FanmoreIndianaTests.m */; };
		60DD42C31C43A8F90041572F /* iOS_FanmoreIndianaUITests.m in Sources */ = {isa = PBXBuildFile; fileRef = 60DD42C21C43A8F90041572F /* iOS_FanmoreIndianaUITests.m */; };
		C9CF1CC78893266A12F317B6 /* libPods.a in Frameworks */ = {isa = PBXBuildFile; fileRef = 8CA3CD9155C4F68979E05568 /* libPods.a */; };
/* End PBXBuildFile section */

/* Begin PBXContainerItemProxy section */
		60DD42B41C43A8F90041572F /* PBXContainerItemProxy */ = {
			isa = PBXContainerItemProxy;
			containerPortal = 60DD42921C43A8F90041572F /* Project object */;
			proxyType = 1;
			remoteGlobalIDString = 60DD42991C43A8F90041572F;
			remoteInfo = iOS_FanmoreIndiana;
		};
		60DD42BF1C43A8F90041572F /* PBXContainerItemProxy */ = {
			isa = PBXContainerItemProxy;
			containerPortal = 60DD42921C43A8F90041572F /* Project object */;
			proxyType = 1;
			remoteGlobalIDString = 60DD42991C43A8F90041572F;
			remoteInfo = iOS_FanmoreIndiana;
		};
/* End PBXContainerItemProxy section */

/* Begin PBXFileReference section */
		6031C53A1C4C89B900D6B567 /* HomeController.h */ = {isa = PBXFileReference; fileEncoding = 4; lastKnownFileType = sourcecode.c.h; path = HomeController.h; sourceTree = "<group>"; };
		6031C53B1C4C89B900D6B567 /* HomeController.m */ = {isa = PBXFileReference; fileEncoding = 4; lastKnownFileType = sourcecode.c.objc; path = HomeController.m; sourceTree = "<group>"; wrapsLines = 0; };
		6031C53D1C4C8E9F00D6B567 /* XLPlainFlowLayout.h */ = {isa = PBXFileReference; fileEncoding = 4; lastKnownFileType = sourcecode.c.h; path = XLPlainFlowLayout.h; sourceTree = "<group>"; };
		6031C53E1C4C8E9F00D6B567 /* XLPlainFlowLayout.m */ = {isa = PBXFileReference; fileEncoding = 4; lastKnownFileType = sourcecode.c.objc; path = XLPlainFlowLayout.m; sourceTree = "<group>"; };
		6031C5401C4C922600D6B567 /* HomeCollectionViewCell.h */ = {isa = PBXFileReference; fileEncoding = 4; lastKnownFileType = sourcecode.c.h; path = HomeCollectionViewCell.h; sourceTree = "<group>"; };
		6031C5411C4C922600D6B567 /* HomeCollectionViewCell.m */ = {isa = PBXFileReference; fileEncoding = 4; lastKnownFileType = sourcecode.c.objc; path = HomeCollectionViewCell.m; sourceTree = "<group>"; };
		6031C5421C4C922600D6B567 /* HomeCollectionViewCell.xib */ = {isa = PBXFileReference; fileEncoding = 4; lastKnownFileType = file.xib; path = HomeCollectionViewCell.xib; sourceTree = "<group>"; };
		6031C5451C4CDF9900D6B567 /* PrefixHeader.pch */ = {isa = PBXFileReference; lastKnownFileType = sourcecode.c.h; path = PrefixHeader.pch; sourceTree = "<group>"; };
		606E79E21C4DDE43000F3027 /* DetailController.h */ = {isa = PBXFileReference; fileEncoding = 4; lastKnownFileType = sourcecode.c.h; path = DetailController.h; sourceTree = "<group>"; };
		606E79E31C4DDE43000F3027 /* DetailController.m */ = {isa = PBXFileReference; fileEncoding = 4; lastKnownFileType = sourcecode.c.objc; path = DetailController.m; sourceTree = "<group>"; };
		60DD429A1C43A8F90041572F /* iOS_FanmoreIndiana.app */ = {isa = PBXFileReference; explicitFileType = wrapper.application; includeInIndex = 0; path = iOS_FanmoreIndiana.app; sourceTree = BUILT_PRODUCTS_DIR; };
		60DD429E1C43A8F90041572F /* main.m */ = {isa = PBXFileReference; lastKnownFileType = sourcecode.c.objc; path = main.m; sourceTree = "<group>"; };
		60DD42A01C43A8F90041572F /* AppDelegate.h */ = {isa = PBXFileReference; lastKnownFileType = sourcecode.c.h; path = AppDelegate.h; sourceTree = "<group>"; };
		60DD42A11C43A8F90041572F /* AppDelegate.m */ = {isa = PBXFileReference; lastKnownFileType = sourcecode.c.objc; path = AppDelegate.m; sourceTree = "<group>"; };
		60DD42A71C43A8F90041572F /* Base */ = {isa = PBXFileReference; lastKnownFileType = file.storyboard; name = Base; path = Base.lproj/Main.storyboard; sourceTree = "<group>"; };
		60DD42A91C43A8F90041572F /* Assets.xcassets */ = {isa = PBXFileReference; lastKnownFileType = folder.assetcatalog; path = Assets.xcassets; sourceTree = "<group>"; };
		60DD42AE1C43A8F90041572F /* Info.plist */ = {isa = PBXFileReference; lastKnownFileType = text.plist.xml; path = Info.plist; sourceTree = "<group>"; };
		60DD42B31C43A8F90041572F /* iOS_FanmoreIndianaTests.xctest */ = {isa = PBXFileReference; explicitFileType = wrapper.cfbundle; includeInIndex = 0; path = iOS_FanmoreIndianaTests.xctest; sourceTree = BUILT_PRODUCTS_DIR; };
		60DD42B71C43A8F90041572F /* iOS_FanmoreIndianaTests.m */ = {isa = PBXFileReference; lastKnownFileType = sourcecode.c.objc; path = iOS_FanmoreIndianaTests.m; sourceTree = "<group>"; };
		60DD42B91C43A8F90041572F /* Info.plist */ = {isa = PBXFileReference; lastKnownFileType = text.plist.xml; path = Info.plist; sourceTree = "<group>"; };
		60DD42BE1C43A8F90041572F /* iOS_FanmoreIndianaUITests.xctest */ = {isa = PBXFileReference; explicitFileType = wrapper.cfbundle; includeInIndex = 0; path = iOS_FanmoreIndianaUITests.xctest; sourceTree = BUILT_PRODUCTS_DIR; };
		60DD42C21C43A8F90041572F /* iOS_FanmoreIndianaUITests.m */ = {isa = PBXFileReference; lastKnownFileType = sourcecode.c.objc; path = iOS_FanmoreIndianaUITests.m; sourceTree = "<group>"; };
		60DD42C41C43A8F90041572F /* Info.plist */ = {isa = PBXFileReference; lastKnownFileType = text.plist.xml; path = Info.plist; sourceTree = "<group>"; };
		7CF8A6CDA904B4E69164FB16 /* Pods.debug.xcconfig */ = {isa = PBXFileReference; includeInIndex = 1; lastKnownFileType = text.xcconfig; name = Pods.debug.xcconfig; path = "Pods/Target Support Files/Pods/Pods.debug.xcconfig"; sourceTree = "<group>"; };
		8CA3CD9155C4F68979E05568 /* libPods.a */ = {isa = PBXFileReference; explicitFileType = archive.ar; includeInIndex = 0; path = libPods.a; sourceTree = BUILT_PRODUCTS_DIR; };
		DEBDCA98E09B43FC480BFFCD /* Pods.release.xcconfig */ = {isa = PBXFileReference; includeInIndex = 1; lastKnownFileType = text.xcconfig; name = Pods.release.xcconfig; path = "Pods/Target Support Files/Pods/Pods.release.xcconfig"; sourceTree = "<group>"; };
/* End PBXFileReference section */

/* Begin PBXFrameworksBuildPhase section */
		60DD42971C43A8F90041572F /* Frameworks */ = {
			isa = PBXFrameworksBuildPhase;
			buildActionMask = 2147483647;
			files = (
				C9CF1CC78893266A12F317B6 /* libPods.a in Frameworks */,
			);
			runOnlyForDeploymentPostprocessing = 0;
		};
		60DD42B01C43A8F90041572F /* Frameworks */ = {
			isa = PBXFrameworksBuildPhase;
			buildActionMask = 2147483647;
			files = (
			);
			runOnlyForDeploymentPostprocessing = 0;
		};
		60DD42BB1C43A8F90041572F /* Frameworks */ = {
			isa = PBXFrameworksBuildPhase;
			buildActionMask = 2147483647;
			files = (
			);
			runOnlyForDeploymentPostprocessing = 0;
		};
/* End PBXFrameworksBuildPhase section */

/* Begin PBXGroup section */
		6029AB161C4DD85300198FE3 /* other */ = {
			isa = PBXGroup;
			children = (
				6029AB171C4DD85300198FE3 /* lib */,
				6029AB181C4DD85300198FE3 /* Tool */,
				6029AB191C4DD85300198FE3 /* 扩展 */,
			);
			path = other;
			sourceTree = "<group>";
		};
		6029AB171C4DD85300198FE3 /* lib */ = {
			isa = PBXGroup;
			children = (
			);
			path = lib;
			sourceTree = "<group>";
		};
		6029AB181C4DD85300198FE3 /* Tool */ = {
			isa = PBXGroup;
			children = (
			);
			path = Tool;
			sourceTree = "<group>";
		};
		6029AB191C4DD85300198FE3 /* 扩展 */ = {
			isa = PBXGroup;
			children = (
			);
			path = "扩展";
			sourceTree = "<group>";
		};
		6031C5351C4C818400D6B567 /* classes */ = {
			isa = PBXGroup;
			children = (
				6031C5361C4C82C300D6B567 /* home */,
				6029AB161C4DD85300198FE3 /* other */,
			);
			path = classes;
			sourceTree = "<group>";
		};
		6031C5361C4C82C300D6B567 /* home */ = {
			isa = PBXGroup;
			children = (
				6031C5371C4C82C300D6B567 /* controller */,
				6031C5381C4C82C300D6B567 /* model */,
				6031C5391C4C82C300D6B567 /* view */,
			);
			path = home;
			sourceTree = "<group>";
		};
		6031C5371C4C82C300D6B567 /* controller */ = {
			isa = PBXGroup;
			children = (
				6031C53A1C4C89B900D6B567 /* HomeController.h */,
				6031C53B1C4C89B900D6B567 /* HomeController.m */,
				606E79E21C4DDE43000F3027 /* DetailController.h */,
				606E79E31C4DDE43000F3027 /* DetailController.m */,
			);
			path = controller;
			sourceTree = "<group>";
		};
		6031C5381C4C82C300D6B567 /* model */ = {
			isa = PBXGroup;
			children = (
			);
			path = model;
			sourceTree = "<group>";
		};
		6031C5391C4C82C300D6B567 /* view */ = {
			isa = PBXGroup;
			children = (
				6031C5401C4C922600D6B567 /* HomeCollectionViewCell.h */,
				6031C5411C4C922600D6B567 /* HomeCollectionViewCell.m */,
				6031C5421C4C922600D6B567 /* HomeCollectionViewCell.xib */,
				6031C53D1C4C8E9F00D6B567 /* XLPlainFlowLayout.h */,
				6031C53E1C4C8E9F00D6B567 /* XLPlainFlowLayout.m */,
			);
			path = view;
			sourceTree = "<group>";
		};
		60DD42911C43A8F90041572F = {
			isa = PBXGroup;
			children = (
				60DD429C1C43A8F90041572F /* iOS_FanmoreIndiana */,
				60DD42B61C43A8F90041572F /* iOS_FanmoreIndianaTests */,
				60DD42C11C43A8F90041572F /* iOS_FanmoreIndianaUITests */,
				60DD429B1C43A8F90041572F /* Products */,
				806B927F4258F3C39C4A6FFC /* Pods */,
				E0B37D9DF7A0608E3113872A /* Frameworks */,
			);
			sourceTree = "<group>";
		};
		60DD429B1C43A8F90041572F /* Products */ = {
			isa = PBXGroup;
			children = (
				60DD429A1C43A8F90041572F /* iOS_FanmoreIndiana.app */,
				60DD42B31C43A8F90041572F /* iOS_FanmoreIndianaTests.xctest */,
				60DD42BE1C43A8F90041572F /* iOS_FanmoreIndianaUITests.xctest */,
			);
			name = Products;
			sourceTree = "<group>";
		};
		60DD429C1C43A8F90041572F /* iOS_FanmoreIndiana */ = {
			isa = PBXGroup;
			children = (
				6031C5351C4C818400D6B567 /* classes */,
				60DD42A01C43A8F90041572F /* AppDelegate.h */,
				60DD42A11C43A8F90041572F /* AppDelegate.m */,
				60DD42A61C43A8F90041572F /* Main.storyboard */,
				6031C5451C4CDF9900D6B567 /* PrefixHeader.pch */,
				60DD42A91C43A8F90041572F /* Assets.xcassets */,
				60DD42AE1C43A8F90041572F /* Info.plist */,
				60DD429D1C43A8F90041572F /* Supporting Files */,
			);
			path = iOS_FanmoreIndiana;
			sourceTree = "<group>";
		};
		60DD429D1C43A8F90041572F /* Supporting Files */ = {
			isa = PBXGroup;
			children = (
				60DD429E1C43A8F90041572F /* main.m */,
			);
			name = "Supporting Files";
			sourceTree = "<group>";
		};
		60DD42B61C43A8F90041572F /* iOS_FanmoreIndianaTests */ = {
			isa = PBXGroup;
			children = (
				60DD42B71C43A8F90041572F /* iOS_FanmoreIndianaTests.m */,
				60DD42B91C43A8F90041572F /* Info.plist */,
			);
			path = iOS_FanmoreIndianaTests;
			sourceTree = "<group>";
		};
		60DD42C11C43A8F90041572F /* iOS_FanmoreIndianaUITests */ = {
			isa = PBXGroup;
			children = (
				60DD42C21C43A8F90041572F /* iOS_FanmoreIndianaUITests.m */,
				60DD42C41C43A8F90041572F /* Info.plist */,
			);
			path = iOS_FanmoreIndianaUITests;
			sourceTree = "<group>";
		};
		806B927F4258F3C39C4A6FFC /* Pods */ = {
			isa = PBXGroup;
			children = (
				7CF8A6CDA904B4E69164FB16 /* Pods.debug.xcconfig */,
				DEBDCA98E09B43FC480BFFCD /* Pods.release.xcconfig */,
			);
			name = Pods;
			sourceTree = "<group>";
		};
		E0B37D9DF7A0608E3113872A /* Frameworks */ = {
			isa = PBXGroup;
			children = (
				8CA3CD9155C4F68979E05568 /* libPods.a */,
			);
			name = Frameworks;
			sourceTree = "<group>";
		};
/* End PBXGroup section */

/* Begin PBXNativeTarget section */
		60DD42991C43A8F90041572F /* iOS_FanmoreIndiana */ = {
			isa = PBXNativeTarget;
			buildConfigurationList = 60DD42C71C43A8F90041572F /* Build configuration list for PBXNativeTarget "iOS_FanmoreIndiana" */;
			buildPhases = (
				00DD9B9CB788EAE18A2CBBB4 /* Check Pods Manifest.lock */,
				60DD42961C43A8F90041572F /* Sources */,
				60DD42971C43A8F90041572F /* Frameworks */,
				60DD42981C43A8F90041572F /* Resources */,
				9CCF02E30F39B3600BB29057 /* Embed Pods Frameworks */,
				6DAD6C243DB527EC9BF7251C /* Copy Pods Resources */,
			);
			buildRules = (
			);
			dependencies = (
			);
			name = iOS_FanmoreIndiana;
			productName = iOS_FanmoreIndiana;
			productReference = 60DD429A1C43A8F90041572F /* iOS_FanmoreIndiana.app */;
			productType = "com.apple.product-type.application";
		};
		60DD42B21C43A8F90041572F /* iOS_FanmoreIndianaTests */ = {
			isa = PBXNativeTarget;
			buildConfigurationList = 60DD42CA1C43A8F90041572F /* Build configuration list for PBXNativeTarget "iOS_FanmoreIndianaTests" */;
			buildPhases = (
				60DD42AF1C43A8F90041572F /* Sources */,
				60DD42B01C43A8F90041572F /* Frameworks */,
				60DD42B11C43A8F90041572F /* Resources */,
			);
			buildRules = (
			);
			dependencies = (
				60DD42B51C43A8F90041572F /* PBXTargetDependency */,
			);
			name = iOS_FanmoreIndianaTests;
			productName = iOS_FanmoreIndianaTests;
			productReference = 60DD42B31C43A8F90041572F /* iOS_FanmoreIndianaTests.xctest */;
			productType = "com.apple.product-type.bundle.unit-test";
		};
		60DD42BD1C43A8F90041572F /* iOS_FanmoreIndianaUITests */ = {
			isa = PBXNativeTarget;
			buildConfigurationList = 60DD42CD1C43A8F90041572F /* Build configuration list for PBXNativeTarget "iOS_FanmoreIndianaUITests" */;
			buildPhases = (
				60DD42BA1C43A8F90041572F /* Sources */,
				60DD42BB1C43A8F90041572F /* Frameworks */,
				60DD42BC1C43A8F90041572F /* Resources */,
			);
			buildRules = (
			);
			dependencies = (
				60DD42C01C43A8F90041572F /* PBXTargetDependency */,
			);
			name = iOS_FanmoreIndianaUITests;
			productName = iOS_FanmoreIndianaUITests;
			productReference = 60DD42BE1C43A8F90041572F /* iOS_FanmoreIndianaUITests.xctest */;
			productType = "com.apple.product-type.bundle.ui-testing";
		};
/* End PBXNativeTarget section */

/* Begin PBXProject section */
		60DD42921C43A8F90041572F /* Project object */ = {
			isa = PBXProject;
			attributes = {
				LastUpgradeCheck = 0720;
				ORGANIZATIONNAME = "刘琛";
				TargetAttributes = {
					60DD42991C43A8F90041572F = {
						CreatedOnToolsVersion = 7.2;
					};
					60DD42B21C43A8F90041572F = {
						CreatedOnToolsVersion = 7.2;
						TestTargetID = 60DD42991C43A8F90041572F;
					};
					60DD42BD1C43A8F90041572F = {
						CreatedOnToolsVersion = 7.2;
						TestTargetID = 60DD42991C43A8F90041572F;
					};
				};
			};
			buildConfigurationList = 60DD42951C43A8F90041572F /* Build configuration list for PBXProject "iOS_FanmoreIndiana" */;
			compatibilityVersion = "Xcode 3.2";
			developmentRegion = English;
			hasScannedForEncodings = 0;
			knownRegions = (
				en,
				Base,
			);
			mainGroup = 60DD42911C43A8F90041572F;
			productRefGroup = 60DD429B1C43A8F90041572F /* Products */;
			projectDirPath = "";
			projectRoot = "";
			targets = (
				60DD42991C43A8F90041572F /* iOS_FanmoreIndiana */,
				60DD42B21C43A8F90041572F /* iOS_FanmoreIndianaTests */,
				60DD42BD1C43A8F90041572F /* iOS_FanmoreIndianaUITests */,
			);
		};
/* End PBXProject section */

/* Begin PBXResourcesBuildPhase section */
		60DD42981C43A8F90041572F /* Resources */ = {
			isa = PBXResourcesBuildPhase;
			buildActionMask = 2147483647;
			files = (
				60DD42AA1C43A8F90041572F /* Assets.xcassets in Resources */,
				6031C5441C4C922600D6B567 /* HomeCollectionViewCell.xib in Resources */,
				60DD42A81C43A8F90041572F /* Main.storyboard in Resources */,
			);
			runOnlyForDeploymentPostprocessing = 0;
		};
		60DD42B11C43A8F90041572F /* Resources */ = {
			isa = PBXResourcesBuildPhase;
			buildActionMask = 2147483647;
			files = (
			);
			runOnlyForDeploymentPostprocessing = 0;
		};
		60DD42BC1C43A8F90041572F /* Resources */ = {
			isa = PBXResourcesBuildPhase;
			buildActionMask = 2147483647;
			files = (
			);
			runOnlyForDeploymentPostprocessing = 0;
		};
/* End PBXResourcesBuildPhase section */

/* Begin PBXShellScriptBuildPhase section */
		00DD9B9CB788EAE18A2CBBB4 /* Check Pods Manifest.lock */ = {
			isa = PBXShellScriptBuildPhase;
			buildActionMask = 2147483647;
			files = (
			);
			inputPaths = (
			);
			name = "Check Pods Manifest.lock";
			outputPaths = (
			);
			runOnlyForDeploymentPostprocessing = 0;
			shellPath = /bin/sh;
			shellScript = "diff \"${PODS_ROOT}/../Podfile.lock\" \"${PODS_ROOT}/Manifest.lock\" > /dev/null\nif [[ $? != 0 ]] ; then\n    cat << EOM\nerror: The sandbox is not in sync with the Podfile.lock. Run 'pod install' or update your CocoaPods installation.\nEOM\n    exit 1\nfi\n";
			showEnvVarsInLog = 0;
		};
		6DAD6C243DB527EC9BF7251C /* Copy Pods Resources */ = {
			isa = PBXShellScriptBuildPhase;
			buildActionMask = 2147483647;
			files = (
			);
			inputPaths = (
			);
			name = "Copy Pods Resources";
			outputPaths = (
			);
			runOnlyForDeploymentPostprocessing = 0;
			shellPath = /bin/sh;
			shellScript = "\"${SRCROOT}/Pods/Target Support Files/Pods/Pods-resources.sh\"\n";
			showEnvVarsInLog = 0;
		};
		9CCF02E30F39B3600BB29057 /* Embed Pods Frameworks */ = {
			isa = PBXShellScriptBuildPhase;
			buildActionMask = 2147483647;
			files = (
			);
			inputPaths = (
			);
			name = "Embed Pods Frameworks";
			outputPaths = (
			);
			runOnlyForDeploymentPostprocessing = 0;
			shellPath = /bin/sh;
			shellScript = "\"${SRCROOT}/Pods/Target Support Files/Pods/Pods-frameworks.sh\"\n";
			showEnvVarsInLog = 0;
		};
/* End PBXShellScriptBuildPhase section */

/* Begin PBXSourcesBuildPhase section */
		60DD42961C43A8F90041572F /* Sources */ = {
			isa = PBXSourcesBuildPhase;
			buildActionMask = 2147483647;
			files = (
				6031C53F1C4C8E9F00D6B567 /* XLPlainFlowLayout.m in Sources */,
				60DD42A21C43A8F90041572F /* AppDelegate.m in Sources */,
				606E79E41C4DDE43000F3027 /* DetailController.m in Sources */,
				6031C53C1C4C89B900D6B567 /* HomeController.m in Sources */,
				60DD429F1C43A8F90041572F /* main.m in Sources */,
				6031C5431C4C922600D6B567 /* HomeCollectionViewCell.m in Sources */,
			);
			runOnlyForDeploymentPostprocessing = 0;
		};
		60DD42AF1C43A8F90041572F /* Sources */ = {
			isa = PBXSourcesBuildPhase;
			buildActionMask = 2147483647;
			files = (
				60DD42B81C43A8F90041572F /* iOS_FanmoreIndianaTests.m in Sources */,
			);
			runOnlyForDeploymentPostprocessing = 0;
		};
		60DD42BA1C43A8F90041572F /* Sources */ = {
			isa = PBXSourcesBuildPhase;
			buildActionMask = 2147483647;
			files = (
				6031C5461C4CE63E00D6B567 /* HomeController.m in Sources */,
				60DD42C31C43A8F90041572F /* iOS_FanmoreIndianaUITests.m in Sources */,
			);
			runOnlyForDeploymentPostprocessing = 0;
		};
/* End PBXSourcesBuildPhase section */

/* Begin PBXTargetDependency section */
		60DD42B51C43A8F90041572F /* PBXTargetDependency */ = {
			isa = PBXTargetDependency;
			target = 60DD42991C43A8F90041572F /* iOS_FanmoreIndiana */;
			targetProxy = 60DD42B41C43A8F90041572F /* PBXContainerItemProxy */;
		};
		60DD42C01C43A8F90041572F /* PBXTargetDependency */ = {
			isa = PBXTargetDependency;
			target = 60DD42991C43A8F90041572F /* iOS_FanmoreIndiana */;
			targetProxy = 60DD42BF1C43A8F90041572F /* PBXContainerItemProxy */;
		};
/* End PBXTargetDependency section */

/* Begin PBXVariantGroup section */
		60DD42A61C43A8F90041572F /* Main.storyboard */ = {
			isa = PBXVariantGroup;
			children = (
				60DD42A71C43A8F90041572F /* Base */,
			);
			name = Main.storyboard;
			sourceTree = "<group>";
		};
/* End PBXVariantGroup section */

/* Begin XCBuildConfiguration section */
		60DD42C51C43A8F90041572F /* Debug */ = {
			isa = XCBuildConfiguration;
			buildSettings = {
				ALWAYS_SEARCH_USER_PATHS = NO;
				CLANG_CXX_LANGUAGE_STANDARD = "gnu++0x";
				CLANG_CXX_LIBRARY = "libc++";
				CLANG_ENABLE_MODULES = YES;
				CLANG_ENABLE_OBJC_ARC = YES;
				CLANG_WARN_BOOL_CONVERSION = YES;
				CLANG_WARN_CONSTANT_CONVERSION = YES;
				CLANG_WARN_DIRECT_OBJC_ISA_USAGE = YES_ERROR;
				CLANG_WARN_EMPTY_BODY = YES;
				CLANG_WARN_ENUM_CONVERSION = YES;
				CLANG_WARN_INT_CONVERSION = YES;
				CLANG_WARN_OBJC_ROOT_CLASS = YES_ERROR;
				CLANG_WARN_UNREACHABLE_CODE = YES;
				CLANG_WARN__DUPLICATE_METHOD_MATCH = YES;
				"CODE_SIGN_IDENTITY[sdk=iphoneos*]" = "iPhone Developer";
				COPY_PHASE_STRIP = NO;
				DEBUG_INFORMATION_FORMAT = dwarf;
				ENABLE_STRICT_OBJC_MSGSEND = YES;
				ENABLE_TESTABILITY = YES;
				GCC_C_LANGUAGE_STANDARD = gnu99;
				GCC_DYNAMIC_NO_PIC = NO;
				GCC_NO_COMMON_BLOCKS = YES;
				GCC_OPTIMIZATION_LEVEL = 0;
				GCC_PREPROCESSOR_DEFINITIONS = (
					"DEBUG=1",
					"$(inherited)",
				);
				GCC_WARN_64_TO_32_BIT_CONVERSION = YES;
				GCC_WARN_ABOUT_RETURN_TYPE = YES_ERROR;
				GCC_WARN_UNDECLARED_SELECTOR = YES;
				GCC_WARN_UNINITIALIZED_AUTOS = YES_AGGRESSIVE;
				GCC_WARN_UNUSED_FUNCTION = YES;
				GCC_WARN_UNUSED_VARIABLE = YES;
				IPHONEOS_DEPLOYMENT_TARGET = 7.0;
				MTL_ENABLE_DEBUG_INFO = YES;
				ONLY_ACTIVE_ARCH = YES;
				SDKROOT = iphoneos;
				TARGETED_DEVICE_FAMILY = "1,2";
			};
			name = Debug;
		};
		60DD42C61C43A8F90041572F /* Release */ = {
			isa = XCBuildConfiguration;
			buildSettings = {
				ALWAYS_SEARCH_USER_PATHS = NO;
				CLANG_CXX_LANGUAGE_STANDARD = "gnu++0x";
				CLANG_CXX_LIBRARY = "libc++";
				CLANG_ENABLE_MODULES = YES;
				CLANG_ENABLE_OBJC_ARC = YES;
				CLANG_WARN_BOOL_CONVERSION = YES;
				CLANG_WARN_CONSTANT_CONVERSION = YES;
				CLANG_WARN_DIRECT_OBJC_ISA_USAGE = YES_ERROR;
				CLANG_WARN_EMPTY_BODY = YES;
				CLANG_WARN_ENUM_CONVERSION = YES;
				CLANG_WARN_INT_CONVERSION = YES;
				CLANG_WARN_OBJC_ROOT_CLASS = YES_ERROR;
				CLANG_WARN_UNREACHABLE_CODE = YES;
				CLANG_WARN__DUPLICATE_METHOD_MATCH = YES;
				"CODE_SIGN_IDENTITY[sdk=iphoneos*]" = "iPhone Developer";
				COPY_PHASE_STRIP = NO;
				DEBUG_INFORMATION_FORMAT = "dwarf-with-dsym";
				ENABLE_NS_ASSERTIONS = NO;
				ENABLE_STRICT_OBJC_MSGSEND = YES;
				GCC_C_LANGUAGE_STANDARD = gnu99;
				GCC_NO_COMMON_BLOCKS = YES;
				GCC_WARN_64_TO_32_BIT_CONVERSION = YES;
				GCC_WARN_ABOUT_RETURN_TYPE = YES_ERROR;
				GCC_WARN_UNDECLARED_SELECTOR = YES;
				GCC_WARN_UNINITIALIZED_AUTOS = YES_AGGRESSIVE;
				GCC_WARN_UNUSED_FUNCTION = YES;
				GCC_WARN_UNUSED_VARIABLE = YES;
				IPHONEOS_DEPLOYMENT_TARGET = 7.0;
				MTL_ENABLE_DEBUG_INFO = NO;
				SDKROOT = iphoneos;
				TARGETED_DEVICE_FAMILY = "1,2";
				VALIDATE_PRODUCT = YES;
			};
			name = Release;
		};
		60DD42C81C43A8F90041572F /* Debug */ = {
			isa = XCBuildConfiguration;
			baseConfigurationReference = 7CF8A6CDA904B4E69164FB16 /* Pods.debug.xcconfig */;
			buildSettings = {
				ASSETCATALOG_COMPILER_APPICON_NAME = AppIcon;
				GCC_PREFIX_HEADER = /Users/liuchen/Desktop/New_Fanmore_Take_Treasure/iOS_FanmoreIndiana/PrefixHeader.pch;
				INFOPLIST_FILE = iOS_FanmoreIndiana/Info.plist;
				IPHONEOS_DEPLOYMENT_TARGET = 7.0;
				LD_RUNPATH_SEARCH_PATHS = "$(inherited) @executable_path/Frameworks";
				PRODUCT_BUNDLE_IDENTIFIER = "-231.iOS-FanmoreIndiana";
				PRODUCT_NAME = "$(TARGET_NAME)";
			};
			name = Debug;
		};
		60DD42C91C43A8F90041572F /* Release */ = {
			isa = XCBuildConfiguration;
			baseConfigurationReference = DEBDCA98E09B43FC480BFFCD /* Pods.release.xcconfig */;
			buildSettings = {
				ASSETCATALOG_COMPILER_APPICON_NAME = AppIcon;
				GCC_PREFIX_HEADER = /Users/liuchen/Desktop/New_Fanmore_Take_Treasure/iOS_FanmoreIndiana/PrefixHeader.pch;
				INFOPLIST_FILE = iOS_FanmoreIndiana/Info.plist;
				IPHONEOS_DEPLOYMENT_TARGET = 7.0;
				LD_RUNPATH_SEARCH_PATHS = "$(inherited) @executable_path/Frameworks";
				PRODUCT_BUNDLE_IDENTIFIER = "-231.iOS-FanmoreIndiana";
				PRODUCT_NAME = "$(TARGET_NAME)";
			};
			name = Release;
		};
		60DD42CB1C43A8F90041572F /* Debug */ = {
			isa = XCBuildConfiguration;
			buildSettings = {
				BUNDLE_LOADER = "$(TEST_HOST)";
				INFOPLIST_FILE = iOS_FanmoreIndianaTests/Info.plist;
				LD_RUNPATH_SEARCH_PATHS = "$(inherited) @executable_path/Frameworks @loader_path/Frameworks";
				PRODUCT_BUNDLE_IDENTIFIER = "-231.iOS-FanmoreIndianaTests";
				PRODUCT_NAME = "$(TARGET_NAME)";
				TEST_HOST = "$(BUILT_PRODUCTS_DIR)/iOS_FanmoreIndiana.app/iOS_FanmoreIndiana";
			};
			name = Debug;
		};
		60DD42CC1C43A8F90041572F /* Release */ = {
			isa = XCBuildConfiguration;
			buildSettings = {
				BUNDLE_LOADER = "$(TEST_HOST)";
				INFOPLIST_FILE = iOS_FanmoreIndianaTests/Info.plist;
				LD_RUNPATH_SEARCH_PATHS = "$(inherited) @executable_path/Frameworks @loader_path/Frameworks";
				PRODUCT_BUNDLE_IDENTIFIER = "-231.iOS-FanmoreIndianaTests";
				PRODUCT_NAME = "$(TARGET_NAME)";
				TEST_HOST = "$(BUILT_PRODUCTS_DIR)/iOS_FanmoreIndiana.app/iOS_FanmoreIndiana";
			};
			name = Release;
		};
		60DD42CE1C43A8F90041572F /* Debug */ = {
			isa = XCBuildConfiguration;
			buildSettings = {
				INFOPLIST_FILE = iOS_FanmoreIndianaUITests/Info.plist;
				LD_RUNPATH_SEARCH_PATHS = "$(inherited) @executable_path/Frameworks @loader_path/Frameworks";
				PRODUCT_BUNDLE_IDENTIFIER = "-231.iOS-FanmoreIndianaUITests";
				PRODUCT_NAME = "$(TARGET_NAME)";
				TEST_TARGET_NAME = iOS_FanmoreIndiana;
				USES_XCTRUNNER = YES;
			};
			name = Debug;
		};
		60DD42CF1C43A8F90041572F /* Release */ = {
			isa = XCBuildConfiguration;
			buildSettings = {
				INFOPLIST_FILE = iOS_FanmoreIndianaUITests/Info.plist;
				LD_RUNPATH_SEARCH_PATHS = "$(inherited) @executable_path/Frameworks @loader_path/Frameworks";
				PRODUCT_BUNDLE_IDENTIFIER = "-231.iOS-FanmoreIndianaUITests";
				PRODUCT_NAME = "$(TARGET_NAME)";
				TEST_TARGET_NAME = iOS_FanmoreIndiana;
				USES_XCTRUNNER = YES;
			};
			name = Release;
		};
/* End XCBuildConfiguration section */

/* Begin XCConfigurationList section */
		60DD42951C43A8F90041572F /* Build configuration list for PBXProject "iOS_FanmoreIndiana" */ = {
			isa = XCConfigurationList;
			buildConfigurations = (
				60DD42C51C43A8F90041572F /* Debug */,
				60DD42C61C43A8F90041572F /* Release */,
			);
			defaultConfigurationIsVisible = 0;
			defaultConfigurationName = Release;
		};
		60DD42C71C43A8F90041572F /* Build configuration list for PBXNativeTarget "iOS_FanmoreIndiana" */ = {
			isa = XCConfigurationList;
			buildConfigurations = (
				60DD42C81C43A8F90041572F /* Debug */,
				60DD42C91C43A8F90041572F /* Release */,
			);
			defaultConfigurationIsVisible = 0;
			defaultConfigurationName = Release;
		};
		60DD42CA1C43A8F90041572F /* Build configuration list for PBXNativeTarget "iOS_FanmoreIndianaTests" */ = {
			isa = XCConfigurationList;
			buildConfigurations = (
				60DD42CB1C43A8F90041572F /* Debug */,
				60DD42CC1C43A8F90041572F /* Release */,
			);
			defaultConfigurationIsVisible = 0;
			defaultConfigurationName = Release;
		};
		60DD42CD1C43A8F90041572F /* Build configuration list for PBXNativeTarget "iOS_FanmoreIndianaUITests" */ = {
			isa = XCConfigurationList;
			buildConfigurations = (
				60DD42CE1C43A8F90041572F /* Debug */,
				60DD42CF1C43A8F90041572F /* Release */,
			);
			defaultConfigurationIsVisible = 0;
			defaultConfigurationName = Release;
		};
/* End XCConfigurationList section */
	};
	rootObject = 60DD42921C43A8F90041572F /* Project object */;
}
