// !$*UTF8*$!
{
	archiveVersion = 1;
	classes = {
	};
	objectVersion = 46;
	objects = {

/* Begin PBXBuildFile section */
		6031C53C1C4C89B900D6B567 /* HomeController.m in Sources */ = {isa = PBXBuildFile; fileRef = 6031C53B1C4C89B900D6B567 /* HomeController.m */; };
		6031C53F1C4C8E9F00D6B567 /* XLPlainFlowLayout.m in Sources */ = {isa = PBXBuildFile; fileRef = 6031C53E1C4C8E9F00D6B567 /* XLPlainFlowLayout.m */; };
		6031C5431C4C922600D6B567 /* HomeCollectionViewCell.m in Sources */ = {isa = PBXBuildFile; fileRef = 6031C5411C4C922600D6B567 /* HomeCollectionViewCell.m */; };
		6031C5441C4C922600D6B567 /* HomeCollectionViewCell.xib in Resources */ = {isa = PBXBuildFile; fileRef = 6031C5421C4C922600D6B567 /* HomeCollectionViewCell.xib */; };
		6031C5461C4CE63E00D6B567 /* HomeController.m in Sources */ = {isa = PBXBuildFile; fileRef = 6031C53B1C4C89B900D6B567 /* HomeController.m */; };
		60584F071C4E225B00F23B95 /* NSDictionary+HuoBanMallSign.m in Sources */ = {isa = PBXBuildFile; fileRef = 60584F041C4E225B00F23B95 /* NSDictionary+HuoBanMallSign.m */; };
		60584F081C4E225B00F23B95 /* NSString+EXTERN.m in Sources */ = {isa = PBXBuildFile; fileRef = 60584F061C4E225B00F23B95 /* NSString+EXTERN.m */; };
		60584F0B1C4E225F00F23B95 /* UIViewController+NAV.m in Sources */ = {isa = PBXBuildFile; fileRef = 60584F0A1C4E225F00F23B95 /* UIViewController+NAV.m */; };
		60584F141C4E228D00F23B95 /* Base64Util.m in Sources */ = {isa = PBXBuildFile; fileRef = 60584F0E1C4E228D00F23B95 /* Base64Util.m */; };
		60584F151C4E228D00F23B95 /* GTMBase64.m in Sources */ = {isa = PBXBuildFile; fileRef = 60584F101C4E228D00F23B95 /* GTMBase64.m */; };
		60584F161C4E228D00F23B95 /* MD5Encryption.m in Sources */ = {isa = PBXBuildFile; fileRef = 60584F131C4E228D00F23B95 /* MD5Encryption.m */; };
		60584F181C4E24EB00F23B95 /* libsqlite3.tbd in Frameworks */ = {isa = PBXBuildFile; fileRef = 60584F171C4E24EB00F23B95 /* libsqlite3.tbd */; };
		60584F1A1C4E25A900F23B95 /* AdSupport.framework in Frameworks */ = {isa = PBXBuildFile; fileRef = 60584F191C4E25A900F23B95 /* AdSupport.framework */; };
		60584F1C1C4E25B200F23B95 /* ImageIO.framework in Frameworks */ = {isa = PBXBuildFile; fileRef = 60584F1B1C4E25B200F23B95 /* ImageIO.framework */; };
		60584F1E1C4E25BD00F23B95 /* JavaScriptCore.framework in Frameworks */ = {isa = PBXBuildFile; fileRef = 60584F1D1C4E25BD00F23B95 /* JavaScriptCore.framework */; };
		60584F201C4E285500F23B95 /* libstdc++.tbd in Frameworks */ = {isa = PBXBuildFile; fileRef = 60584F1F1C4E285500F23B95 /* libstdc++.tbd */; };
		60584F221C4E285C00F23B95 /* libz.tbd in Frameworks */ = {isa = PBXBuildFile; fileRef = 60584F211C4E285C00F23B95 /* libz.tbd */; };
		60584F241C4E286700F23B95 /* libicucore.tbd in Frameworks */ = {isa = PBXBuildFile; fileRef = 60584F231C4E286700F23B95 /* libicucore.tbd */; };
		60584F271C4E39FD00F23B95 /* TabBarController.m in Sources */ = {isa = PBXBuildFile; fileRef = 60584F261C4E39FD00F23B95 /* TabBarController.m */; };
		606E79E41C4DDE43000F3027 /* DetailController.m in Sources */ = {isa = PBXBuildFile; fileRef = 606E79E31C4DDE43000F3027 /* DetailController.m */; };
		60DD429F1C43A8F90041572F /* main.m in Sources */ = {isa = PBXBuildFile; fileRef = 60DD429E1C43A8F90041572F /* main.m */; };
		60DD42A21C43A8F90041572F /* AppDelegate.m in Sources */ = {isa = PBXBuildFile; fileRef = 60DD42A11C43A8F90041572F /* AppDelegate.m */; };
		60DD42A81C43A8F90041572F /* Main.storyboard in Resources */ = {isa = PBXBuildFile; fileRef = 60DD42A61C43A8F90041572F /* Main.storyboard */; };
		60DD42AA1C43A8F90041572F /* Assets.xcassets in Resources */ = {isa = PBXBuildFile; fileRef = 60DD42A91C43A8F90041572F /* Assets.xcassets */; };
		60DD42B81C43A8F90041572F /* iOS_FanmoreIndianaTests.m in Sources */ = {isa = PBXBuildFile; fileRef = 60DD42B71C43A8F90041572F /* iOS_FanmoreIndianaTests.m */; };
		60DD42C31C43A8F90041572F /* iOS_FanmoreIndianaUITests.m in Sources */ = {isa = PBXBuildFile; fileRef = 60DD42C21C43A8F90041572F /* iOS_FanmoreIndianaUITests.m */; };
		60FFF2C71C4E19CC00A93D7E /* LoginController.m in Sources */ = {isa = PBXBuildFile; fileRef = 60FFF2C61C4E19CC00A93D7E /* LoginController.m */; };
		60FFF2F21C4E1B5400A93D7E /* AFHTTPRequestOperation.m in Sources */ = {isa = PBXBuildFile; fileRef = 60FFF2CB1C4E1B5400A93D7E /* AFHTTPRequestOperation.m */; };
		60FFF2F31C4E1B5400A93D7E /* AFHTTPRequestOperationManager.m in Sources */ = {isa = PBXBuildFile; fileRef = 60FFF2CD1C4E1B5400A93D7E /* AFHTTPRequestOperationManager.m */; };
		60FFF2F41C4E1B5400A93D7E /* AFHTTPSessionManager.m in Sources */ = {isa = PBXBuildFile; fileRef = 60FFF2CF1C4E1B5400A93D7E /* AFHTTPSessionManager.m */; };
		60FFF2F51C4E1B5400A93D7E /* AFNetworkReachabilityManager.m in Sources */ = {isa = PBXBuildFile; fileRef = 60FFF2D21C4E1B5400A93D7E /* AFNetworkReachabilityManager.m */; };
		60FFF2F61C4E1B5400A93D7E /* AFSecurityPolicy.m in Sources */ = {isa = PBXBuildFile; fileRef = 60FFF2D41C4E1B5400A93D7E /* AFSecurityPolicy.m */; };
		60FFF2F71C4E1B5400A93D7E /* AFURLConnectionOperation.m in Sources */ = {isa = PBXBuildFile; fileRef = 60FFF2D61C4E1B5400A93D7E /* AFURLConnectionOperation.m */; };
		60FFF2F81C4E1B5400A93D7E /* AFURLRequestSerialization.m in Sources */ = {isa = PBXBuildFile; fileRef = 60FFF2D81C4E1B5400A93D7E /* AFURLRequestSerialization.m */; };
		60FFF2F91C4E1B5400A93D7E /* AFURLResponseSerialization.m in Sources */ = {isa = PBXBuildFile; fileRef = 60FFF2DA1C4E1B5400A93D7E /* AFURLResponseSerialization.m */; };
		60FFF2FA1C4E1B5400A93D7E /* AFURLSessionManager.m in Sources */ = {isa = PBXBuildFile; fileRef = 60FFF2DC1C4E1B5400A93D7E /* AFURLSessionManager.m */; };
		60FFF2FB1C4E1B5400A93D7E /* LICENSE in Resources */ = {isa = PBXBuildFile; fileRef = 60FFF2DD1C4E1B5400A93D7E /* LICENSE */; };
		60FFF2FC1C4E1B5400A93D7E /* README.md in Sources */ = {isa = PBXBuildFile; fileRef = 60FFF2DE1C4E1B5400A93D7E /* README.md */; };
		60FFF2FD1C4E1B5400A93D7E /* AFNetworkActivityIndicatorManager.m in Sources */ = {isa = PBXBuildFile; fileRef = 60FFF2E11C4E1B5400A93D7E /* AFNetworkActivityIndicatorManager.m */; };
		60FFF2FE1C4E1B5400A93D7E /* UIActivityIndicatorView+AFNetworking.m in Sources */ = {isa = PBXBuildFile; fileRef = 60FFF2E31C4E1B5400A93D7E /* UIActivityIndicatorView+AFNetworking.m */; };
		60FFF2FF1C4E1B5400A93D7E /* UIAlertView+AFNetworking.m in Sources */ = {isa = PBXBuildFile; fileRef = 60FFF2E51C4E1B5400A93D7E /* UIAlertView+AFNetworking.m */; };
		60FFF3001C4E1B5400A93D7E /* UIButton+AFNetworking.m in Sources */ = {isa = PBXBuildFile; fileRef = 60FFF2E71C4E1B5400A93D7E /* UIButton+AFNetworking.m */; };
		60FFF3011C4E1B5400A93D7E /* UIImageView+AFNetworking.m in Sources */ = {isa = PBXBuildFile; fileRef = 60FFF2EA1C4E1B5400A93D7E /* UIImageView+AFNetworking.m */; };
		60FFF3021C4E1B5400A93D7E /* UIProgressView+AFNetworking.m in Sources */ = {isa = PBXBuildFile; fileRef = 60FFF2ED1C4E1B5400A93D7E /* UIProgressView+AFNetworking.m */; };
		60FFF3031C4E1B5400A93D7E /* UIRefreshControl+AFNetworking.m in Sources */ = {isa = PBXBuildFile; fileRef = 60FFF2EF1C4E1B5400A93D7E /* UIRefreshControl+AFNetworking.m */; };
		60FFF3041C4E1B5400A93D7E /* UIWebView+AFNetworking.m in Sources */ = {isa = PBXBuildFile; fileRef = 60FFF2F11C4E1B5400A93D7E /* UIWebView+AFNetworking.m */; };
		60FFF30D1C4E1B6000A93D7E /* WXUtil.mm in Sources */ = {isa = PBXBuildFile; fileRef = 60FFF30C1C4E1B6000A93D7E /* WXUtil.mm */; };
		60FFF3101C4E1B8800A93D7E /* UITableView+CJ.m in Sources */ = {isa = PBXBuildFile; fileRef = 60FFF30F1C4E1B8800A93D7E /* UITableView+CJ.m */; };
		60FFF3311C4E1C5500A93D7E /* TencentOpenAPI.framework in Frameworks */ = {isa = PBXBuildFile; fileRef = 60FFF3141C4E1C5500A93D7E /* TencentOpenAPI.framework */; };
		60FFF3321C4E1C5500A93D7E /* TencentOpenApi_IOS_Bundle.bundle in Resources */ = {isa = PBXBuildFile; fileRef = 60FFF3151C4E1C5500A93D7E /* TencentOpenApi_IOS_Bundle.bundle */; };
		60FFF3331C4E1C5500A93D7E /* libWeiboSDK.a in Frameworks */ = {isa = PBXBuildFile; fileRef = 60FFF3171C4E1C5500A93D7E /* libWeiboSDK.a */; };
		60FFF3341C4E1C5500A93D7E /* WeiboSDK.bundle in Resources */ = {isa = PBXBuildFile; fileRef = 60FFF3211C4E1C5500A93D7E /* WeiboSDK.bundle */; };
		60FFF3351C4E1C5500A93D7E /* libWeChatSDK.a in Frameworks */ = {isa = PBXBuildFile; fileRef = 60FFF3251C4E1C5500A93D7E /* libWeChatSDK.a */; };
		60FFF3361C4E1C5500A93D7E /* read_me.txt in Resources */ = {isa = PBXBuildFile; fileRef = 60FFF3261C4E1C5500A93D7E /* read_me.txt */; };
		60FFF3371C4E1C5500A93D7E /* MOBFoundation.framework in Frameworks */ = {isa = PBXBuildFile; fileRef = 60FFF32A1C4E1C5500A93D7E /* MOBFoundation.framework */; };
		60FFF3381C4E1C5500A93D7E /* ShareSDK.bundle in Resources */ = {isa = PBXBuildFile; fileRef = 60FFF32B1C4E1C5500A93D7E /* ShareSDK.bundle */; };
		60FFF3391C4E1C5500A93D7E /* ShareSDK.framework in Frameworks */ = {isa = PBXBuildFile; fileRef = 60FFF32C1C4E1C5500A93D7E /* ShareSDK.framework */; };
		60FFF33A1C4E1C5500A93D7E /* ShareSDKConnector.framework in Frameworks */ = {isa = PBXBuildFile; fileRef = 60FFF32D1C4E1C5500A93D7E /* ShareSDKConnector.framework */; };
		60FFF33B1C4E1C5500A93D7E /* ShareSDKExtension.framework in Frameworks */ = {isa = PBXBuildFile; fileRef = 60FFF32E1C4E1C5500A93D7E /* ShareSDKExtension.framework */; };
		60FFF33C1C4E1C5500A93D7E /* ShareSDKUI.bundle in Resources */ = {isa = PBXBuildFile; fileRef = 60FFF32F1C4E1C5500A93D7E /* ShareSDKUI.bundle */; };
		60FFF33D1C4E1C5500A93D7E /* ShareSDKUI.framework in Frameworks */ = {isa = PBXBuildFile; fileRef = 60FFF3301C4E1C5500A93D7E /* ShareSDKUI.framework */; };
		C9CF1CC78893266A12F317B6 /* libPods.a in Frameworks */ = {isa = PBXBuildFile; fileRef = 8CA3CD9155C4F68979E05568 /* libPods.a */; };
		F21986A71C4F288500966A2C /* HomeHeadCollectionViewCell.m in Sources */ = {isa = PBXBuildFile; fileRef = F21986A51C4F288500966A2C /* HomeHeadCollectionViewCell.m */; };
		F21986A81C4F288500966A2C /* HomeHeadCollectionViewCell.xib in Resources */ = {isa = PBXBuildFile; fileRef = F21986A61C4F288500966A2C /* HomeHeadCollectionViewCell.xib */; };
		F290AD011C4E5068005F05AC /* UILabel+FMLableStyle.m in Sources */ = {isa = PBXBuildFile; fileRef = F290AD001C4E5068005F05AC /* UILabel+FMLableStyle.m */; };
		F290AD051C4E50A3005F05AC /* HomeFourBtnCView.m in Sources */ = {isa = PBXBuildFile; fileRef = F290AD031C4E50A3005F05AC /* HomeFourBtnCView.m */; };
		F290AD061C4E50A3005F05AC /* HomeFourBtnCView.xib in Resources */ = {isa = PBXBuildFile; fileRef = F290AD041C4E50A3005F05AC /* HomeFourBtnCView.xib */; };
		F290AD121C4E5317005F05AC /* DCPicScrollView.m in Sources */ = {isa = PBXBuildFile; fileRef = F290AD0F1C4E5317005F05AC /* DCPicScrollView.m */; };
		F290AD131C4E5317005F05AC /* DCWebImageManager.m in Sources */ = {isa = PBXBuildFile; fileRef = F290AD111C4E5317005F05AC /* DCWebImageManager.m */; };
		F290AD1A1C4E6811005F05AC /* labelCollectionViewCell.m in Sources */ = {isa = PBXBuildFile; fileRef = F290AD181C4E6811005F05AC /* labelCollectionViewCell.m */; };
		F290AD1B1C4E6811005F05AC /* labelCollectionViewCell.xib in Resources */ = {isa = PBXBuildFile; fileRef = F290AD191C4E6811005F05AC /* labelCollectionViewCell.xib */; };
/* End PBXBuildFile section */

/* Begin PBXContainerItemProxy section */
		60DD42B41C43A8F90041572F /* PBXContainerItemProxy */ = {
			isa = PBXContainerItemProxy;
			containerPortal = 60DD42921C43A8F90041572F /* Project object */;
			proxyType = 1;
			remoteGlobalIDString = 60DD42991C43A8F90041572F;
			remoteInfo = iOS_FanmoreIndiana;
		};
		60DD42BF1C43A8F90041572F /* PBXContainerItemProxy */ = {
			isa = PBXContainerItemProxy;
			containerPortal = 60DD42921C43A8F90041572F /* Project object */;
			proxyType = 1;
			remoteGlobalIDString = 60DD42991C43A8F90041572F;
			remoteInfo = iOS_FanmoreIndiana;
		};
/* End PBXContainerItemProxy section */

/* Begin PBXFileReference section */
		6031C53A1C4C89B900D6B567 /* HomeController.h */ = {isa = PBXFileReference; fileEncoding = 4; lastKnownFileType = sourcecode.c.h; path = HomeController.h; sourceTree = "<group>"; };
		6031C53B1C4C89B900D6B567 /* HomeController.m */ = {isa = PBXFileReference; fileEncoding = 4; lastKnownFileType = sourcecode.c.objc; path = HomeController.m; sourceTree = "<group>"; wrapsLines = 0; };
		6031C53D1C4C8E9F00D6B567 /* XLPlainFlowLayout.h */ = {isa = PBXFileReference; fileEncoding = 4; lastKnownFileType = sourcecode.c.h; path = XLPlainFlowLayout.h; sourceTree = "<group>"; };
		6031C53E1C4C8E9F00D6B567 /* XLPlainFlowLayout.m */ = {isa = PBXFileReference; fileEncoding = 4; lastKnownFileType = sourcecode.c.objc; path = XLPlainFlowLayout.m; sourceTree = "<group>"; };
		6031C5401C4C922600D6B567 /* HomeCollectionViewCell.h */ = {isa = PBXFileReference; fileEncoding = 4; lastKnownFileType = sourcecode.c.h; path = HomeCollectionViewCell.h; sourceTree = "<group>"; };
		6031C5411C4C922600D6B567 /* HomeCollectionViewCell.m */ = {isa = PBXFileReference; fileEncoding = 4; lastKnownFileType = sourcecode.c.objc; path = HomeCollectionViewCell.m; sourceTree = "<group>"; };
		6031C5421C4C922600D6B567 /* HomeCollectionViewCell.xib */ = {isa = PBXFileReference; fileEncoding = 4; lastKnownFileType = file.xib; path = HomeCollectionViewCell.xib; sourceTree = "<group>"; };
		6031C5451C4CDF9900D6B567 /* PrefixHeader.pch */ = {isa = PBXFileReference; lastKnownFileType = sourcecode.c.h; path = PrefixHeader.pch; sourceTree = "<group>"; };
		60584F031C4E225B00F23B95 /* NSDictionary+HuoBanMallSign.h */ = {isa = PBXFileReference; fileEncoding = 4; lastKnownFileType = sourcecode.c.h; path = "NSDictionary+HuoBanMallSign.h"; sourceTree = "<group>"; };
		60584F041C4E225B00F23B95 /* NSDictionary+HuoBanMallSign.m */ = {isa = PBXFileReference; fileEncoding = 4; lastKnownFileType = sourcecode.c.objc; path = "NSDictionary+HuoBanMallSign.m"; sourceTree = "<group>"; };
		60584F051C4E225B00F23B95 /* NSString+EXTERN.h */ = {isa = PBXFileReference; fileEncoding = 4; lastKnownFileType = sourcecode.c.h; path = "NSString+EXTERN.h"; sourceTree = "<group>"; };
		60584F061C4E225B00F23B95 /* NSString+EXTERN.m */ = {isa = PBXFileReference; fileEncoding = 4; lastKnownFileType = sourcecode.c.objc; path = "NSString+EXTERN.m"; sourceTree = "<group>"; };
		60584F091C4E225F00F23B95 /* UIViewController+NAV.h */ = {isa = PBXFileReference; fileEncoding = 4; lastKnownFileType = sourcecode.c.h; path = "UIViewController+NAV.h"; sourceTree = "<group>"; };
		60584F0A1C4E225F00F23B95 /* UIViewController+NAV.m */ = {isa = PBXFileReference; fileEncoding = 4; lastKnownFileType = sourcecode.c.objc; path = "UIViewController+NAV.m"; sourceTree = "<group>"; };
		60584F0D1C4E228D00F23B95 /* Base64Util.h */ = {isa = PBXFileReference; fileEncoding = 4; lastKnownFileType = sourcecode.c.h; path = Base64Util.h; sourceTree = "<group>"; };
		60584F0E1C4E228D00F23B95 /* Base64Util.m */ = {isa = PBXFileReference; fileEncoding = 4; lastKnownFileType = sourcecode.c.objc; path = Base64Util.m; sourceTree = "<group>"; };
		60584F0F1C4E228D00F23B95 /* GTMBase64.h */ = {isa = PBXFileReference; fileEncoding = 4; lastKnownFileType = sourcecode.c.h; path = GTMBase64.h; sourceTree = "<group>"; };
		60584F101C4E228D00F23B95 /* GTMBase64.m */ = {isa = PBXFileReference; fileEncoding = 4; lastKnownFileType = sourcecode.c.objc; path = GTMBase64.m; sourceTree = "<group>"; };
		60584F111C4E228D00F23B95 /* GTMDefines.h */ = {isa = PBXFileReference; fileEncoding = 4; lastKnownFileType = sourcecode.c.h; path = GTMDefines.h; sourceTree = "<group>"; };
		60584F121C4E228D00F23B95 /* MD5Encryption.h */ = {isa = PBXFileReference; fileEncoding = 4; lastKnownFileType = sourcecode.c.h; path = MD5Encryption.h; sourceTree = "<group>"; };
		60584F131C4E228D00F23B95 /* MD5Encryption.m */ = {isa = PBXFileReference; fileEncoding = 4; lastKnownFileType = sourcecode.c.objc; path = MD5Encryption.m; sourceTree = "<group>"; };
		60584F171C4E24EB00F23B95 /* libsqlite3.tbd */ = {isa = PBXFileReference; lastKnownFileType = "sourcecode.text-based-dylib-definition"; name = libsqlite3.tbd; path = usr/lib/libsqlite3.tbd; sourceTree = SDKROOT; };
		60584F191C4E25A900F23B95 /* AdSupport.framework */ = {isa = PBXFileReference; lastKnownFileType = wrapper.framework; name = AdSupport.framework; path = System/Library/Frameworks/AdSupport.framework; sourceTree = SDKROOT; };
		60584F1B1C4E25B200F23B95 /* ImageIO.framework */ = {isa = PBXFileReference; lastKnownFileType = wrapper.framework; name = ImageIO.framework; path = System/Library/Frameworks/ImageIO.framework; sourceTree = SDKROOT; };
		60584F1D1C4E25BD00F23B95 /* JavaScriptCore.framework */ = {isa = PBXFileReference; lastKnownFileType = wrapper.framework; name = JavaScriptCore.framework; path = System/Library/Frameworks/JavaScriptCore.framework; sourceTree = SDKROOT; };
		60584F1F1C4E285500F23B95 /* libstdc++.tbd */ = {isa = PBXFileReference; lastKnownFileType = "sourcecode.text-based-dylib-definition"; name = "libstdc++.tbd"; path = "usr/lib/libstdc++.tbd"; sourceTree = SDKROOT; };
		60584F211C4E285C00F23B95 /* libz.tbd */ = {isa = PBXFileReference; lastKnownFileType = "sourcecode.text-based-dylib-definition"; name = libz.tbd; path = usr/lib/libz.tbd; sourceTree = SDKROOT; };
		60584F231C4E286700F23B95 /* libicucore.tbd */ = {isa = PBXFileReference; lastKnownFileType = "sourcecode.text-based-dylib-definition"; name = libicucore.tbd; path = usr/lib/libicucore.tbd; sourceTree = SDKROOT; };
		60584F251C4E39FD00F23B95 /* TabBarController.h */ = {isa = PBXFileReference; fileEncoding = 4; lastKnownFileType = sourcecode.c.h; path = TabBarController.h; sourceTree = "<group>"; };
		60584F261C4E39FD00F23B95 /* TabBarController.m */ = {isa = PBXFileReference; fileEncoding = 4; lastKnownFileType = sourcecode.c.objc; path = TabBarController.m; sourceTree = "<group>"; };
		606E79E21C4DDE43000F3027 /* DetailController.h */ = {isa = PBXFileReference; fileEncoding = 4; lastKnownFileType = sourcecode.c.h; path = DetailController.h; sourceTree = "<group>"; };
		606E79E31C4DDE43000F3027 /* DetailController.m */ = {isa = PBXFileReference; fileEncoding = 4; lastKnownFileType = sourcecode.c.objc; path = DetailController.m; sourceTree = "<group>"; };
		60DD429A1C43A8F90041572F /* iOS_FanmoreIndiana.app */ = {isa = PBXFileReference; explicitFileType = wrapper.application; includeInIndex = 0; path = iOS_FanmoreIndiana.app; sourceTree = BUILT_PRODUCTS_DIR; };
		60DD429E1C43A8F90041572F /* main.m */ = {isa = PBXFileReference; lastKnownFileType = sourcecode.c.objc; path = main.m; sourceTree = "<group>"; };
		60DD42A01C43A8F90041572F /* AppDelegate.h */ = {isa = PBXFileReference; lastKnownFileType = sourcecode.c.h; path = AppDelegate.h; sourceTree = "<group>"; };
		60DD42A11C43A8F90041572F /* AppDelegate.m */ = {isa = PBXFileReference; lastKnownFileType = sourcecode.c.objc; path = AppDelegate.m; sourceTree = "<group>"; };
		60DD42A71C43A8F90041572F /* Base */ = {isa = PBXFileReference; lastKnownFileType = file.storyboard; name = Base; path = Base.lproj/Main.storyboard; sourceTree = "<group>"; };
		60DD42A91C43A8F90041572F /* Assets.xcassets */ = {isa = PBXFileReference; lastKnownFileType = folder.assetcatalog; path = Assets.xcassets; sourceTree = "<group>"; };
		60DD42AE1C43A8F90041572F /* Info.plist */ = {isa = PBXFileReference; lastKnownFileType = text.plist.xml; path = Info.plist; sourceTree = "<group>"; };
		60DD42B31C43A8F90041572F /* iOS_FanmoreIndianaTests.xctest */ = {isa = PBXFileReference; explicitFileType = wrapper.cfbundle; includeInIndex = 0; path = iOS_FanmoreIndianaTests.xctest; sourceTree = BUILT_PRODUCTS_DIR; };
		60DD42B71C43A8F90041572F /* iOS_FanmoreIndianaTests.m */ = {isa = PBXFileReference; lastKnownFileType = sourcecode.c.objc; path = iOS_FanmoreIndianaTests.m; sourceTree = "<group>"; };
		60DD42B91C43A8F90041572F /* Info.plist */ = {isa = PBXFileReference; lastKnownFileType = text.plist.xml; path = Info.plist; sourceTree = "<group>"; };
		60DD42BE1C43A8F90041572F /* iOS_FanmoreIndianaUITests.xctest */ = {isa = PBXFileReference; explicitFileType = wrapper.cfbundle; includeInIndex = 0; path = iOS_FanmoreIndianaUITests.xctest; sourceTree = BUILT_PRODUCTS_DIR; };
		60DD42C21C43A8F90041572F /* iOS_FanmoreIndianaUITests.m */ = {isa = PBXFileReference; lastKnownFileType = sourcecode.c.objc; path = iOS_FanmoreIndianaUITests.m; sourceTree = "<group>"; };
		60DD42C41C43A8F90041572F /* Info.plist */ = {isa = PBXFileReference; lastKnownFileType = text.plist.xml; path = Info.plist; sourceTree = "<group>"; };
		60FFF2C51C4E19CC00A93D7E /* LoginController.h */ = {isa = PBXFileReference; fileEncoding = 4; lastKnownFileType = sourcecode.c.h; path = LoginController.h; sourceTree = "<group>"; };
		60FFF2C61C4E19CC00A93D7E /* LoginController.m */ = {isa = PBXFileReference; fileEncoding = 4; lastKnownFileType = sourcecode.c.objc; path = LoginController.m; sourceTree = "<group>"; };
		60FFF2CA1C4E1B5400A93D7E /* AFHTTPRequestOperation.h */ = {isa = PBXFileReference; fileEncoding = 4; lastKnownFileType = sourcecode.c.h; path = AFHTTPRequestOperation.h; sourceTree = "<group>"; };
		60FFF2CB1C4E1B5400A93D7E /* AFHTTPRequestOperation.m */ = {isa = PBXFileReference; fileEncoding = 4; lastKnownFileType = sourcecode.c.objc; path = AFHTTPRequestOperation.m; sourceTree = "<group>"; };
		60FFF2CC1C4E1B5400A93D7E /* AFHTTPRequestOperationManager.h */ = {isa = PBXFileReference; fileEncoding = 4; lastKnownFileType = sourcecode.c.h; path = AFHTTPRequestOperationManager.h; sourceTree = "<group>"; };
		60FFF2CD1C4E1B5400A93D7E /* AFHTTPRequestOperationManager.m */ = {isa = PBXFileReference; fileEncoding = 4; lastKnownFileType = sourcecode.c.objc; path = AFHTTPRequestOperationManager.m; sourceTree = "<group>"; };
		60FFF2CE1C4E1B5400A93D7E /* AFHTTPSessionManager.h */ = {isa = PBXFileReference; fileEncoding = 4; lastKnownFileType = sourcecode.c.h; path = AFHTTPSessionManager.h; sourceTree = "<group>"; };
		60FFF2CF1C4E1B5400A93D7E /* AFHTTPSessionManager.m */ = {isa = PBXFileReference; fileEncoding = 4; lastKnownFileType = sourcecode.c.objc; path = AFHTTPSessionManager.m; sourceTree = "<group>"; };
		60FFF2D01C4E1B5400A93D7E /* AFNetworking.h */ = {isa = PBXFileReference; fileEncoding = 4; lastKnownFileType = sourcecode.c.h; path = AFNetworking.h; sourceTree = "<group>"; };
		60FFF2D11C4E1B5400A93D7E /* AFNetworkReachabilityManager.h */ = {isa = PBXFileReference; fileEncoding = 4; lastKnownFileType = sourcecode.c.h; path = AFNetworkReachabilityManager.h; sourceTree = "<group>"; };
		60FFF2D21C4E1B5400A93D7E /* AFNetworkReachabilityManager.m */ = {isa = PBXFileReference; fileEncoding = 4; lastKnownFileType = sourcecode.c.objc; path = AFNetworkReachabilityManager.m; sourceTree = "<group>"; };
		60FFF2D31C4E1B5400A93D7E /* AFSecurityPolicy.h */ = {isa = PBXFileReference; fileEncoding = 4; lastKnownFileType = sourcecode.c.h; path = AFSecurityPolicy.h; sourceTree = "<group>"; };
		60FFF2D41C4E1B5400A93D7E /* AFSecurityPolicy.m */ = {isa = PBXFileReference; fileEncoding = 4; lastKnownFileType = sourcecode.c.objc; path = AFSecurityPolicy.m; sourceTree = "<group>"; };
		60FFF2D51C4E1B5400A93D7E /* AFURLConnectionOperation.h */ = {isa = PBXFileReference; fileEncoding = 4; lastKnownFileType = sourcecode.c.h; path = AFURLConnectionOperation.h; sourceTree = "<group>"; };
		60FFF2D61C4E1B5400A93D7E /* AFURLConnectionOperation.m */ = {isa = PBXFileReference; fileEncoding = 4; lastKnownFileType = sourcecode.c.objc; path = AFURLConnectionOperation.m; sourceTree = "<group>"; };
		60FFF2D71C4E1B5400A93D7E /* AFURLRequestSerialization.h */ = {isa = PBXFileReference; fileEncoding = 4; lastKnownFileType = sourcecode.c.h; path = AFURLRequestSerialization.h; sourceTree = "<group>"; };
		60FFF2D81C4E1B5400A93D7E /* AFURLRequestSerialization.m */ = {isa = PBXFileReference; fileEncoding = 4; lastKnownFileType = sourcecode.c.objc; path = AFURLRequestSerialization.m; sourceTree = "<group>"; };
		60FFF2D91C4E1B5400A93D7E /* AFURLResponseSerialization.h */ = {isa = PBXFileReference; fileEncoding = 4; lastKnownFileType = sourcecode.c.h; path = AFURLResponseSerialization.h; sourceTree = "<group>"; };
		60FFF2DA1C4E1B5400A93D7E /* AFURLResponseSerialization.m */ = {isa = PBXFileReference; fileEncoding = 4; lastKnownFileType = sourcecode.c.objc; path = AFURLResponseSerialization.m; sourceTree = "<group>"; };
		60FFF2DB1C4E1B5400A93D7E /* AFURLSessionManager.h */ = {isa = PBXFileReference; fileEncoding = 4; lastKnownFileType = sourcecode.c.h; path = AFURLSessionManager.h; sourceTree = "<group>"; };
		60FFF2DC1C4E1B5400A93D7E /* AFURLSessionManager.m */ = {isa = PBXFileReference; fileEncoding = 4; lastKnownFileType = sourcecode.c.objc; path = AFURLSessionManager.m; sourceTree = "<group>"; };
		60FFF2DD1C4E1B5400A93D7E /* LICENSE */ = {isa = PBXFileReference; fileEncoding = 4; lastKnownFileType = text; path = LICENSE; sourceTree = "<group>"; };
		60FFF2DE1C4E1B5400A93D7E /* README.md */ = {isa = PBXFileReference; fileEncoding = 4; lastKnownFileType = net.daringfireball.markdown; path = README.md; sourceTree = "<group>"; };
		60FFF2E01C4E1B5400A93D7E /* AFNetworkActivityIndicatorManager.h */ = {isa = PBXFileReference; fileEncoding = 4; lastKnownFileType = sourcecode.c.h; path = AFNetworkActivityIndicatorManager.h; sourceTree = "<group>"; };
		60FFF2E11C4E1B5400A93D7E /* AFNetworkActivityIndicatorManager.m */ = {isa = PBXFileReference; fileEncoding = 4; lastKnownFileType = sourcecode.c.objc; path = AFNetworkActivityIndicatorManager.m; sourceTree = "<group>"; };
		60FFF2E21C4E1B5400A93D7E /* UIActivityIndicatorView+AFNetworking.h */ = {isa = PBXFileReference; fileEncoding = 4; lastKnownFileType = sourcecode.c.h; path = "UIActivityIndicatorView+AFNetworking.h"; sourceTree = "<group>"; };
		60FFF2E31C4E1B5400A93D7E /* UIActivityIndicatorView+AFNetworking.m */ = {isa = PBXFileReference; fileEncoding = 4; lastKnownFileType = sourcecode.c.objc; path = "UIActivityIndicatorView+AFNetworking.m"; sourceTree = "<group>"; };
		60FFF2E41C4E1B5400A93D7E /* UIAlertView+AFNetworking.h */ = {isa = PBXFileReference; fileEncoding = 4; lastKnownFileType = sourcecode.c.h; path = "UIAlertView+AFNetworking.h"; sourceTree = "<group>"; };
		60FFF2E51C4E1B5400A93D7E /* UIAlertView+AFNetworking.m */ = {isa = PBXFileReference; fileEncoding = 4; lastKnownFileType = sourcecode.c.objc; path = "UIAlertView+AFNetworking.m"; sourceTree = "<group>"; };
		60FFF2E61C4E1B5400A93D7E /* UIButton+AFNetworking.h */ = {isa = PBXFileReference; fileEncoding = 4; lastKnownFileType = sourcecode.c.h; path = "UIButton+AFNetworking.h"; sourceTree = "<group>"; };
		60FFF2E71C4E1B5400A93D7E /* UIButton+AFNetworking.m */ = {isa = PBXFileReference; fileEncoding = 4; lastKnownFileType = sourcecode.c.objc; path = "UIButton+AFNetworking.m"; sourceTree = "<group>"; };
		60FFF2E81C4E1B5400A93D7E /* UIImage+AFNetworking.h */ = {isa = PBXFileReference; fileEncoding = 4; lastKnownFileType = sourcecode.c.h; path = "UIImage+AFNetworking.h"; sourceTree = "<group>"; };
		60FFF2E91C4E1B5400A93D7E /* UIImageView+AFNetworking.h */ = {isa = PBXFileReference; fileEncoding = 4; lastKnownFileType = sourcecode.c.h; path = "UIImageView+AFNetworking.h"; sourceTree = "<group>"; };
		60FFF2EA1C4E1B5400A93D7E /* UIImageView+AFNetworking.m */ = {isa = PBXFileReference; fileEncoding = 4; lastKnownFileType = sourcecode.c.objc; path = "UIImageView+AFNetworking.m"; sourceTree = "<group>"; };
		60FFF2EB1C4E1B5400A93D7E /* UIKit+AFNetworking.h */ = {isa = PBXFileReference; fileEncoding = 4; lastKnownFileType = sourcecode.c.h; path = "UIKit+AFNetworking.h"; sourceTree = "<group>"; };
		60FFF2EC1C4E1B5400A93D7E /* UIProgressView+AFNetworking.h */ = {isa = PBXFileReference; fileEncoding = 4; lastKnownFileType = sourcecode.c.h; path = "UIProgressView+AFNetworking.h"; sourceTree = "<group>"; };
		60FFF2ED1C4E1B5400A93D7E /* UIProgressView+AFNetworking.m */ = {isa = PBXFileReference; fileEncoding = 4; lastKnownFileType = sourcecode.c.objc; path = "UIProgressView+AFNetworking.m"; sourceTree = "<group>"; };
		60FFF2EE1C4E1B5400A93D7E /* UIRefreshControl+AFNetworking.h */ = {isa = PBXFileReference; fileEncoding = 4; lastKnownFileType = sourcecode.c.h; path = "UIRefreshControl+AFNetworking.h"; sourceTree = "<group>"; };
		60FFF2EF1C4E1B5400A93D7E /* UIRefreshControl+AFNetworking.m */ = {isa = PBXFileReference; fileEncoding = 4; lastKnownFileType = sourcecode.c.objc; path = "UIRefreshControl+AFNetworking.m"; sourceTree = "<group>"; };
		60FFF2F01C4E1B5400A93D7E /* UIWebView+AFNetworking.h */ = {isa = PBXFileReference; fileEncoding = 4; lastKnownFileType = sourcecode.c.h; path = "UIWebView+AFNetworking.h"; sourceTree = "<group>"; };
		60FFF2F11C4E1B5400A93D7E /* UIWebView+AFNetworking.m */ = {isa = PBXFileReference; fileEncoding = 4; lastKnownFileType = sourcecode.c.objc; path = "UIWebView+AFNetworking.m"; sourceTree = "<group>"; };
		60FFF30B1C4E1B6000A93D7E /* WXUtil.h */ = {isa = PBXFileReference; fileEncoding = 4; lastKnownFileType = sourcecode.c.h; path = WXUtil.h; sourceTree = "<group>"; };
		60FFF30C1C4E1B6000A93D7E /* WXUtil.mm */ = {isa = PBXFileReference; fileEncoding = 4; lastKnownFileType = sourcecode.cpp.objcpp; path = WXUtil.mm; sourceTree = "<group>"; };
		60FFF30E1C4E1B8800A93D7E /* UITableView+CJ.h */ = {isa = PBXFileReference; fileEncoding = 4; lastKnownFileType = sourcecode.c.h; path = "UITableView+CJ.h"; sourceTree = "<group>"; };
		60FFF30F1C4E1B8800A93D7E /* UITableView+CJ.m */ = {isa = PBXFileReference; fileEncoding = 4; lastKnownFileType = sourcecode.c.objc; path = "UITableView+CJ.m"; sourceTree = "<group>"; };
		60FFF3141C4E1C5500A93D7E /* TencentOpenAPI.framework */ = {isa = PBXFileReference; lastKnownFileType = wrapper.framework; path = TencentOpenAPI.framework; sourceTree = "<group>"; };
		60FFF3151C4E1C5500A93D7E /* TencentOpenApi_IOS_Bundle.bundle */ = {isa = PBXFileReference; lastKnownFileType = "wrapper.plug-in"; path = TencentOpenApi_IOS_Bundle.bundle; sourceTree = "<group>"; };
		60FFF3171C4E1C5500A93D7E /* libWeiboSDK.a */ = {isa = PBXFileReference; lastKnownFileType = archive.ar; path = libWeiboSDK.a; sourceTree = "<group>"; };
		60FFF3181C4E1C5500A93D7E /* WBHttpRequest+WeiboGame.h */ = {isa = PBXFileReference; fileEncoding = 4; lastKnownFileType = sourcecode.c.h; path = "WBHttpRequest+WeiboGame.h"; sourceTree = "<group>"; };
		60FFF3191C4E1C5500A93D7E /* WBHttpRequest+WeiboShare.h */ = {isa = PBXFileReference; fileEncoding = 4; lastKnownFileType = sourcecode.c.h; path = "WBHttpRequest+WeiboShare.h"; sourceTree = "<group>"; };
		60FFF31A1C4E1C5500A93D7E /* WBHttpRequest+WeiboToken.h */ = {isa = PBXFileReference; fileEncoding = 4; lastKnownFileType = sourcecode.c.h; path = "WBHttpRequest+WeiboToken.h"; sourceTree = "<group>"; };
		60FFF31B1C4E1C5500A93D7E /* WBHttpRequest+WeiboUser.h */ = {isa = PBXFileReference; fileEncoding = 4; lastKnownFileType = sourcecode.c.h; path = "WBHttpRequest+WeiboUser.h"; sourceTree = "<group>"; };
		60FFF31C1C4E1C5500A93D7E /* WBHttpRequest.h */ = {isa = PBXFileReference; fileEncoding = 4; lastKnownFileType = sourcecode.c.h; path = WBHttpRequest.h; sourceTree = "<group>"; };
		60FFF31D1C4E1C5500A93D7E /* WBSDKBasicButton.h */ = {isa = PBXFileReference; fileEncoding = 4; lastKnownFileType = sourcecode.c.h; path = WBSDKBasicButton.h; sourceTree = "<group>"; };
		60FFF31E1C4E1C5500A93D7E /* WBSDKCommentButton.h */ = {isa = PBXFileReference; fileEncoding = 4; lastKnownFileType = sourcecode.c.h; path = WBSDKCommentButton.h; sourceTree = "<group>"; };
		60FFF31F1C4E1C5500A93D7E /* WBSDKRelationshipButton.h */ = {isa = PBXFileReference; fileEncoding = 4; lastKnownFileType = sourcecode.c.h; path = WBSDKRelationshipButton.h; sourceTree = "<group>"; };
		60FFF3201C4E1C5500A93D7E /* WeiboSDK+Statistics.h */ = {isa = PBXFileReference; fileEncoding = 4; lastKnownFileType = sourcecode.c.h; path = "WeiboSDK+Statistics.h"; sourceTree = "<group>"; };
		60FFF3211C4E1C5500A93D7E /* WeiboSDK.bundle */ = {isa = PBXFileReference; lastKnownFileType = "wrapper.plug-in"; path = WeiboSDK.bundle; sourceTree = "<group>"; };
		60FFF3221C4E1C5500A93D7E /* WeiboSDK.h */ = {isa = PBXFileReference; fileEncoding = 4; lastKnownFileType = sourcecode.c.h; path = WeiboSDK.h; sourceTree = "<group>"; };
		60FFF3231C4E1C5500A93D7E /* WeiboUser.h */ = {isa = PBXFileReference; fileEncoding = 4; lastKnownFileType = sourcecode.c.h; path = WeiboUser.h; sourceTree = "<group>"; };
		60FFF3251C4E1C5500A93D7E /* libWeChatSDK.a */ = {isa = PBXFileReference; lastKnownFileType = archive.ar; path = libWeChatSDK.a; sourceTree = "<group>"; };
		60FFF3261C4E1C5500A93D7E /* read_me.txt */ = {isa = PBXFileReference; fileEncoding = 4; lastKnownFileType = text; path = read_me.txt; sourceTree = "<group>"; };
		60FFF3271C4E1C5500A93D7E /* WechatAuthSDK.h */ = {isa = PBXFileReference; fileEncoding = 4; lastKnownFileType = sourcecode.c.h; path = WechatAuthSDK.h; sourceTree = "<group>"; };
		60FFF3281C4E1C5500A93D7E /* WXApi.h */ = {isa = PBXFileReference; fileEncoding = 4; lastKnownFileType = sourcecode.c.h; path = WXApi.h; sourceTree = "<group>"; };
		60FFF3291C4E1C5500A93D7E /* WXApiObject.h */ = {isa = PBXFileReference; fileEncoding = 4; lastKnownFileType = sourcecode.c.h; path = WXApiObject.h; sourceTree = "<group>"; };
		60FFF32A1C4E1C5500A93D7E /* MOBFoundation.framework */ = {isa = PBXFileReference; lastKnownFileType = wrapper.framework; path = MOBFoundation.framework; sourceTree = "<group>"; };
		60FFF32B1C4E1C5500A93D7E /* ShareSDK.bundle */ = {isa = PBXFileReference; lastKnownFileType = "wrapper.plug-in"; path = ShareSDK.bundle; sourceTree = "<group>"; };
		60FFF32C1C4E1C5500A93D7E /* ShareSDK.framework */ = {isa = PBXFileReference; lastKnownFileType = wrapper.framework; path = ShareSDK.framework; sourceTree = "<group>"; };
		60FFF32D1C4E1C5500A93D7E /* ShareSDKConnector.framework */ = {isa = PBXFileReference; lastKnownFileType = wrapper.framework; path = ShareSDKConnector.framework; sourceTree = "<group>"; };
		60FFF32E1C4E1C5500A93D7E /* ShareSDKExtension.framework */ = {isa = PBXFileReference; lastKnownFileType = wrapper.framework; path = ShareSDKExtension.framework; sourceTree = "<group>"; };
		60FFF32F1C4E1C5500A93D7E /* ShareSDKUI.bundle */ = {isa = PBXFileReference; lastKnownFileType = "wrapper.plug-in"; path = ShareSDKUI.bundle; sourceTree = "<group>"; };
		60FFF3301C4E1C5500A93D7E /* ShareSDKUI.framework */ = {isa = PBXFileReference; lastKnownFileType = wrapper.framework; path = ShareSDKUI.framework; sourceTree = "<group>"; };
		7CF8A6CDA904B4E69164FB16 /* Pods.debug.xcconfig */ = {isa = PBXFileReference; includeInIndex = 1; lastKnownFileType = text.xcconfig; name = Pods.debug.xcconfig; path = "Pods/Target Support Files/Pods/Pods.debug.xcconfig"; sourceTree = "<group>"; };
		8CA3CD9155C4F68979E05568 /* libPods.a */ = {isa = PBXFileReference; explicitFileType = archive.ar; includeInIndex = 0; path = libPods.a; sourceTree = BUILT_PRODUCTS_DIR; };
		DEBDCA98E09B43FC480BFFCD /* Pods.release.xcconfig */ = {isa = PBXFileReference; includeInIndex = 1; lastKnownFileType = text.xcconfig; name = Pods.release.xcconfig; path = "Pods/Target Support Files/Pods/Pods.release.xcconfig"; sourceTree = "<group>"; };
		F21986A41C4F288500966A2C /* HomeHeadCollectionViewCell.h */ = {isa = PBXFileReference; fileEncoding = 4; lastKnownFileType = sourcecode.c.h; path = HomeHeadCollectionViewCell.h; sourceTree = "<group>"; };
		F21986A51C4F288500966A2C /* HomeHeadCollectionViewCell.m */ = {isa = PBXFileReference; fileEncoding = 4; lastKnownFileType = sourcecode.c.objc; path = HomeHeadCollectionViewCell.m; sourceTree = "<group>"; };
		F21986A61C4F288500966A2C /* HomeHeadCollectionViewCell.xib */ = {isa = PBXFileReference; fileEncoding = 4; lastKnownFileType = file.xib; path = HomeHeadCollectionViewCell.xib; sourceTree = "<group>"; };
		F290ACFF1C4E5068005F05AC /* UILabel+FMLableStyle.h */ = {isa = PBXFileReference; fileEncoding = 4; lastKnownFileType = sourcecode.c.h; path = "UILabel+FMLableStyle.h"; sourceTree = "<group>"; };
		F290AD001C4E5068005F05AC /* UILabel+FMLableStyle.m */ = {isa = PBXFileReference; fileEncoding = 4; lastKnownFileType = sourcecode.c.objc; path = "UILabel+FMLableStyle.m"; sourceTree = "<group>"; };
		F290AD021C4E50A3005F05AC /* HomeFourBtnCView.h */ = {isa = PBXFileReference; fileEncoding = 4; lastKnownFileType = sourcecode.c.h; path = HomeFourBtnCView.h; sourceTree = "<group>"; };
		F290AD031C4E50A3005F05AC /* HomeFourBtnCView.m */ = {isa = PBXFileReference; fileEncoding = 4; lastKnownFileType = sourcecode.c.objc; path = HomeFourBtnCView.m; sourceTree = "<group>"; };
		F290AD041C4E50A3005F05AC /* HomeFourBtnCView.xib */ = {isa = PBXFileReference; fileEncoding = 4; lastKnownFileType = file.xib; path = HomeFourBtnCView.xib; sourceTree = "<group>"; };
		F290AD0A1C4E5104005F05AC /* Measure.h */ = {isa = PBXFileReference; lastKnownFileType = sourcecode.c.h; path = Measure.h; sourceTree = "<group>"; };
		F290AD0B1C4E5104005F05AC /* Color.h */ = {isa = PBXFileReference; lastKnownFileType = sourcecode.c.h; path = Color.h; sourceTree = "<group>"; };
		F290AD0C1C4E5104005F05AC /* Font.h */ = {isa = PBXFileReference; lastKnownFileType = sourcecode.c.h; path = Font.h; sourceTree = "<group>"; };
		F290AD0E1C4E5317005F05AC /* DCPicScrollView.h */ = {isa = PBXFileReference; fileEncoding = 4; lastKnownFileType = sourcecode.c.h; path = DCPicScrollView.h; sourceTree = "<group>"; };
		F290AD0F1C4E5317005F05AC /* DCPicScrollView.m */ = {isa = PBXFileReference; fileEncoding = 4; lastKnownFileType = sourcecode.c.objc; path = DCPicScrollView.m; sourceTree = "<group>"; };
		F290AD101C4E5317005F05AC /* DCWebImageManager.h */ = {isa = PBXFileReference; fileEncoding = 4; lastKnownFileType = sourcecode.c.h; path = DCWebImageManager.h; sourceTree = "<group>"; };
		F290AD111C4E5317005F05AC /* DCWebImageManager.m */ = {isa = PBXFileReference; fileEncoding = 4; lastKnownFileType = sourcecode.c.objc; path = DCWebImageManager.m; sourceTree = "<group>"; };
		F290AD171C4E6811005F05AC /* labelCollectionViewCell.h */ = {isa = PBXFileReference; fileEncoding = 4; lastKnownFileType = sourcecode.c.h; path = labelCollectionViewCell.h; sourceTree = "<group>"; };
		F290AD181C4E6811005F05AC /* labelCollectionViewCell.m */ = {isa = PBXFileReference; fileEncoding = 4; lastKnownFileType = sourcecode.c.objc; path = labelCollectionViewCell.m; sourceTree = "<group>"; };
		F290AD191C4E6811005F05AC /* labelCollectionViewCell.xib */ = {isa = PBXFileReference; fileEncoding = 4; lastKnownFileType = file.xib; path = labelCollectionViewCell.xib; sourceTree = "<group>"; };
/* End PBXFileReference section */

/* Begin PBXFrameworksBuildPhase section */
		60DD42971C43A8F90041572F /* Frameworks */ = {
			isa = PBXFrameworksBuildPhase;
			buildActionMask = 2147483647;
			files = (
				60584F241C4E286700F23B95 /* libicucore.tbd in Frameworks */,
				60584F221C4E285C00F23B95 /* libz.tbd in Frameworks */,
				60584F201C4E285500F23B95 /* libstdc++.tbd in Frameworks */,
				60584F1E1C4E25BD00F23B95 /* JavaScriptCore.framework in Frameworks */,
				60584F1C1C4E25B200F23B95 /* ImageIO.framework in Frameworks */,
				60584F1A1C4E25A900F23B95 /* AdSupport.framework in Frameworks */,
				60584F181C4E24EB00F23B95 /* libsqlite3.tbd in Frameworks */,
				C9CF1CC78893266A12F317B6 /* libPods.a in Frameworks */,
				60FFF33D1C4E1C5500A93D7E /* ShareSDKUI.framework in Frameworks */,
				60FFF33B1C4E1C5500A93D7E /* ShareSDKExtension.framework in Frameworks */,
				60FFF3331C4E1C5500A93D7E /* libWeiboSDK.a in Frameworks */,
				60FFF3371C4E1C5500A93D7E /* MOBFoundation.framework in Frameworks */,
				60FFF33A1C4E1C5500A93D7E /* ShareSDKConnector.framework in Frameworks */,
				60FFF3391C4E1C5500A93D7E /* ShareSDK.framework in Frameworks */,
				60FFF3351C4E1C5500A93D7E /* libWeChatSDK.a in Frameworks */,
				60FFF3311C4E1C5500A93D7E /* TencentOpenAPI.framework in Frameworks */,
			);
			runOnlyForDeploymentPostprocessing = 0;
		};
		60DD42B01C43A8F90041572F /* Frameworks */ = {
			isa = PBXFrameworksBuildPhase;
			buildActionMask = 2147483647;
			files = (
			);
			runOnlyForDeploymentPostprocessing = 0;
		};
		60DD42BB1C43A8F90041572F /* Frameworks */ = {
			isa = PBXFrameworksBuildPhase;
			buildActionMask = 2147483647;
			files = (
			);
			runOnlyForDeploymentPostprocessing = 0;
		};
/* End PBXFrameworksBuildPhase section */

/* Begin PBXGroup section */
		6029AB161C4DD85300198FE3 /* other */ = {
			isa = PBXGroup;
			children = (
				60584F0C1C4E228D00F23B95 /* Encryption */,
				60FFF3111C4E1C5500A93D7E /* libraries */,
				60FFF2C81C4E1B5400A93D7E /* AFNetworking */,
				6029AB171C4DD85300198FE3 /* lib */,
				6029AB181C4DD85300198FE3 /* Tool */,
				6029AB191C4DD85300198FE3 /* 扩展 */,
			);
			path = other;
			sourceTree = "<group>";
		};
		6029AB171C4DD85300198FE3 /* lib */ = {
			isa = PBXGroup;
			children = (
				F290AD0D1C4E5317005F05AC /* DCPicscrollView */,
				F290AD0A1C4E5104005F05AC /* Measure.h */,
				F290AD0B1C4E5104005F05AC /* Color.h */,
				F290AD0C1C4E5104005F05AC /* Font.h */,
				60FFF30B1C4E1B6000A93D7E /* WXUtil.h */,
				60FFF30C1C4E1B6000A93D7E /* WXUtil.mm */,
			);
			path = lib;
			sourceTree = "<group>";
		};
		6029AB181C4DD85300198FE3 /* Tool */ = {
			isa = PBXGroup;
			children = (
			);
			path = Tool;
			sourceTree = "<group>";
		};
		6029AB191C4DD85300198FE3 /* 扩展 */ = {
			isa = PBXGroup;
			children = (
				60584F091C4E225F00F23B95 /* UIViewController+NAV.h */,
				60584F0A1C4E225F00F23B95 /* UIViewController+NAV.m */,
				60584F031C4E225B00F23B95 /* NSDictionary+HuoBanMallSign.h */,
				60584F041C4E225B00F23B95 /* NSDictionary+HuoBanMallSign.m */,
				60584F051C4E225B00F23B95 /* NSString+EXTERN.h */,
				60584F061C4E225B00F23B95 /* NSString+EXTERN.m */,
				60FFF30E1C4E1B8800A93D7E /* UITableView+CJ.h */,
				60FFF30F1C4E1B8800A93D7E /* UITableView+CJ.m */,
				F290ACFF1C4E5068005F05AC /* UILabel+FMLableStyle.h */,
				F290AD001C4E5068005F05AC /* UILabel+FMLableStyle.m */,
			);
			path = "扩展";
			sourceTree = "<group>";
		};
		6031C5351C4C818400D6B567 /* classes */ = {
			isa = PBXGroup;
			children = (
				6031C5361C4C82C300D6B567 /* home */,
				60FFF2C11C4E142600A93D7E /* login */,
				6029AB161C4DD85300198FE3 /* other */,
			);
			path = classes;
			sourceTree = "<group>";
		};
		6031C5361C4C82C300D6B567 /* home */ = {
			isa = PBXGroup;
			children = (
				6031C5371C4C82C300D6B567 /* controller */,
				6031C5381C4C82C300D6B567 /* model */,
				6031C5391C4C82C300D6B567 /* view */,
			);
			path = home;
			sourceTree = "<group>";
		};
		6031C5371C4C82C300D6B567 /* controller */ = {
			isa = PBXGroup;
			children = (
				6031C53A1C4C89B900D6B567 /* HomeController.h */,
				6031C53B1C4C89B900D6B567 /* HomeController.m */,
				606E79E21C4DDE43000F3027 /* DetailController.h */,
				606E79E31C4DDE43000F3027 /* DetailController.m */,
				60584F251C4E39FD00F23B95 /* TabBarController.h */,
				60584F261C4E39FD00F23B95 /* TabBarController.m */,
			);
			path = controller;
			sourceTree = "<group>";
		};
		6031C5381C4C82C300D6B567 /* model */ = {
			isa = PBXGroup;
			children = (
			);
			path = model;
			sourceTree = "<group>";
		};
		6031C5391C4C82C300D6B567 /* view */ = {
			isa = PBXGroup;
			children = (
				6031C5401C4C922600D6B567 /* HomeCollectionViewCell.h */,
				6031C5411C4C922600D6B567 /* HomeCollectionViewCell.m */,
				6031C5421C4C922600D6B567 /* HomeCollectionViewCell.xib */,
				6031C53D1C4C8E9F00D6B567 /* XLPlainFlowLayout.h */,
				6031C53E1C4C8E9F00D6B567 /* XLPlainFlowLayout.m */,
				F290AD021C4E50A3005F05AC /* HomeFourBtnCView.h */,
				F290AD031C4E50A3005F05AC /* HomeFourBtnCView.m */,
				F290AD041C4E50A3005F05AC /* HomeFourBtnCView.xib */,
				F290AD171C4E6811005F05AC /* labelCollectionViewCell.h */,
				F290AD181C4E6811005F05AC /* labelCollectionViewCell.m */,
				F290AD191C4E6811005F05AC /* labelCollectionViewCell.xib */,
				F21986A41C4F288500966A2C /* HomeHeadCollectionViewCell.h */,
				F21986A51C4F288500966A2C /* HomeHeadCollectionViewCell.m */,
				F21986A61C4F288500966A2C /* HomeHeadCollectionViewCell.xib */,
			);
			path = view;
			sourceTree = "<group>";
		};
		60584F0C1C4E228D00F23B95 /* Encryption */ = {
			isa = PBXGroup;
			children = (
				60584F0D1C4E228D00F23B95 /* Base64Util.h */,
				60584F0E1C4E228D00F23B95 /* Base64Util.m */,
				60584F0F1C4E228D00F23B95 /* GTMBase64.h */,
				60584F101C4E228D00F23B95 /* GTMBase64.m */,
				60584F111C4E228D00F23B95 /* GTMDefines.h */,
				60584F121C4E228D00F23B95 /* MD5Encryption.h */,
				60584F131C4E228D00F23B95 /* MD5Encryption.m */,
			);
			path = Encryption;
			sourceTree = "<group>";
		};
		60DD42911C43A8F90041572F = {
			isa = PBXGroup;
			children = (
				60DD429C1C43A8F90041572F /* iOS_FanmoreIndiana */,
				60DD42B61C43A8F90041572F /* iOS_FanmoreIndianaTests */,
				60DD42C11C43A8F90041572F /* iOS_FanmoreIndianaUITests */,
				60DD429B1C43A8F90041572F /* Products */,
				806B927F4258F3C39C4A6FFC /* Pods */,
				E0B37D9DF7A0608E3113872A /* Frameworks */,
			);
			sourceTree = "<group>";
		};
		60DD429B1C43A8F90041572F /* Products */ = {
			isa = PBXGroup;
			children = (
				60DD429A1C43A8F90041572F /* iOS_FanmoreIndiana.app */,
				60DD42B31C43A8F90041572F /* iOS_FanmoreIndianaTests.xctest */,
				60DD42BE1C43A8F90041572F /* iOS_FanmoreIndianaUITests.xctest */,
			);
			name = Products;
			sourceTree = "<group>";
		};
		60DD429C1C43A8F90041572F /* iOS_FanmoreIndiana */ = {
			isa = PBXGroup;
			children = (
				6031C5351C4C818400D6B567 /* classes */,
				60DD42A01C43A8F90041572F /* AppDelegate.h */,
				60DD42A11C43A8F90041572F /* AppDelegate.m */,
				60DD42A61C43A8F90041572F /* Main.storyboard */,
				6031C5451C4CDF9900D6B567 /* PrefixHeader.pch */,
				60DD42A91C43A8F90041572F /* Assets.xcassets */,
				60DD42AE1C43A8F90041572F /* Info.plist */,
				60DD429D1C43A8F90041572F /* Supporting Files */,
			);
			path = iOS_FanmoreIndiana;
			sourceTree = "<group>";
		};
		60DD429D1C43A8F90041572F /* Supporting Files */ = {
			isa = PBXGroup;
			children = (
				60DD429E1C43A8F90041572F /* main.m */,
			);
			name = "Supporting Files";
			sourceTree = "<group>";
		};
		60DD42B61C43A8F90041572F /* iOS_FanmoreIndianaTests */ = {
			isa = PBXGroup;
			children = (
				60DD42B71C43A8F90041572F /* iOS_FanmoreIndianaTests.m */,
				60DD42B91C43A8F90041572F /* Info.plist */,
			);
			path = iOS_FanmoreIndianaTests;
			sourceTree = "<group>";
		};
		60DD42C11C43A8F90041572F /* iOS_FanmoreIndianaUITests */ = {
			isa = PBXGroup;
			children = (
				60DD42C21C43A8F90041572F /* iOS_FanmoreIndianaUITests.m */,
				60DD42C41C43A8F90041572F /* Info.plist */,
			);
			path = iOS_FanmoreIndianaUITests;
			sourceTree = "<group>";
		};
		60FFF2C11C4E142600A93D7E /* login */ = {
			isa = PBXGroup;
			children = (
				60FFF2C21C4E142600A93D7E /* controller */,
				60FFF2C31C4E142600A93D7E /* model */,
				60FFF2C41C4E142600A93D7E /* view */,
			);
			path = login;
			sourceTree = "<group>";
		};
		60FFF2C21C4E142600A93D7E /* controller */ = {
			isa = PBXGroup;
			children = (
				60FFF2C51C4E19CC00A93D7E /* LoginController.h */,
				60FFF2C61C4E19CC00A93D7E /* LoginController.m */,
			);
			path = controller;
			sourceTree = "<group>";
		};
		60FFF2C31C4E142600A93D7E /* model */ = {
			isa = PBXGroup;
			children = (
			);
			path = model;
			sourceTree = "<group>";
		};
		60FFF2C41C4E142600A93D7E /* view */ = {
			isa = PBXGroup;
			children = (
			);
			path = view;
			sourceTree = "<group>";
		};
		60FFF2C81C4E1B5400A93D7E /* AFNetworking */ = {
			isa = PBXGroup;
			children = (
				60FFF2C91C4E1B5400A93D7E /* AFNetworking */,
				60FFF2DD1C4E1B5400A93D7E /* LICENSE */,
				60FFF2DE1C4E1B5400A93D7E /* README.md */,
				60FFF2DF1C4E1B5400A93D7E /* UIKit+AFNetworking */,
			);
			path = AFNetworking;
			sourceTree = "<group>";
		};
		60FFF2C91C4E1B5400A93D7E /* AFNetworking */ = {
			isa = PBXGroup;
			children = (
				60FFF2CA1C4E1B5400A93D7E /* AFHTTPRequestOperation.h */,
				60FFF2CB1C4E1B5400A93D7E /* AFHTTPRequestOperation.m */,
				60FFF2CC1C4E1B5400A93D7E /* AFHTTPRequestOperationManager.h */,
				60FFF2CD1C4E1B5400A93D7E /* AFHTTPRequestOperationManager.m */,
				60FFF2CE1C4E1B5400A93D7E /* AFHTTPSessionManager.h */,
				60FFF2CF1C4E1B5400A93D7E /* AFHTTPSessionManager.m */,
				60FFF2D01C4E1B5400A93D7E /* AFNetworking.h */,
				60FFF2D11C4E1B5400A93D7E /* AFNetworkReachabilityManager.h */,
				60FFF2D21C4E1B5400A93D7E /* AFNetworkReachabilityManager.m */,
				60FFF2D31C4E1B5400A93D7E /* AFSecurityPolicy.h */,
				60FFF2D41C4E1B5400A93D7E /* AFSecurityPolicy.m */,
				60FFF2D51C4E1B5400A93D7E /* AFURLConnectionOperation.h */,
				60FFF2D61C4E1B5400A93D7E /* AFURLConnectionOperation.m */,
				60FFF2D71C4E1B5400A93D7E /* AFURLRequestSerialization.h */,
				60FFF2D81C4E1B5400A93D7E /* AFURLRequestSerialization.m */,
				60FFF2D91C4E1B5400A93D7E /* AFURLResponseSerialization.h */,
				60FFF2DA1C4E1B5400A93D7E /* AFURLResponseSerialization.m */,
				60FFF2DB1C4E1B5400A93D7E /* AFURLSessionManager.h */,
				60FFF2DC1C4E1B5400A93D7E /* AFURLSessionManager.m */,
			);
			path = AFNetworking;
			sourceTree = "<group>";
		};
		60FFF2DF1C4E1B5400A93D7E /* UIKit+AFNetworking */ = {
			isa = PBXGroup;
			children = (
				60FFF2E01C4E1B5400A93D7E /* AFNetworkActivityIndicatorManager.h */,
				60FFF2E11C4E1B5400A93D7E /* AFNetworkActivityIndicatorManager.m */,
				60FFF2E21C4E1B5400A93D7E /* UIActivityIndicatorView+AFNetworking.h */,
				60FFF2E31C4E1B5400A93D7E /* UIActivityIndicatorView+AFNetworking.m */,
				60FFF2E41C4E1B5400A93D7E /* UIAlertView+AFNetworking.h */,
				60FFF2E51C4E1B5400A93D7E /* UIAlertView+AFNetworking.m */,
				60FFF2E61C4E1B5400A93D7E /* UIButton+AFNetworking.h */,
				60FFF2E71C4E1B5400A93D7E /* UIButton+AFNetworking.m */,
				60FFF2E81C4E1B5400A93D7E /* UIImage+AFNetworking.h */,
				60FFF2E91C4E1B5400A93D7E /* UIImageView+AFNetworking.h */,
				60FFF2EA1C4E1B5400A93D7E /* UIImageView+AFNetworking.m */,
				60FFF2EB1C4E1B5400A93D7E /* UIKit+AFNetworking.h */,
				60FFF2EC1C4E1B5400A93D7E /* UIProgressView+AFNetworking.h */,
				60FFF2ED1C4E1B5400A93D7E /* UIProgressView+AFNetworking.m */,
				60FFF2EE1C4E1B5400A93D7E /* UIRefreshControl+AFNetworking.h */,
				60FFF2EF1C4E1B5400A93D7E /* UIRefreshControl+AFNetworking.m */,
				60FFF2F01C4E1B5400A93D7E /* UIWebView+AFNetworking.h */,
				60FFF2F11C4E1B5400A93D7E /* UIWebView+AFNetworking.m */,
			);
			path = "UIKit+AFNetworking";
			sourceTree = "<group>";
		};
		60FFF3111C4E1C5500A93D7E /* libraries */ = {
			isa = PBXGroup;
			children = (
				60FFF3121C4E1C5500A93D7E /* extends */,
				60FFF32A1C4E1C5500A93D7E /* MOBFoundation.framework */,
				60FFF32B1C4E1C5500A93D7E /* ShareSDK.bundle */,
				60FFF32C1C4E1C5500A93D7E /* ShareSDK.framework */,
				60FFF32D1C4E1C5500A93D7E /* ShareSDKConnector.framework */,
				60FFF32E1C4E1C5500A93D7E /* ShareSDKExtension.framework */,
				60FFF32F1C4E1C5500A93D7E /* ShareSDKUI.bundle */,
				60FFF3301C4E1C5500A93D7E /* ShareSDKUI.framework */,
			);
			path = libraries;
			sourceTree = "<group>";
		};
		60FFF3121C4E1C5500A93D7E /* extends */ = {
			isa = PBXGroup;
			children = (
				60FFF3131C4E1C5500A93D7E /* QQSDK */,
				60FFF3161C4E1C5500A93D7E /* SinaWeiboSDK */,
				60FFF3241C4E1C5500A93D7E /* WeChatSDK */,
			);
			path = extends;
			sourceTree = "<group>";
		};
		60FFF3131C4E1C5500A93D7E /* QQSDK */ = {
			isa = PBXGroup;
			children = (
				60FFF3141C4E1C5500A93D7E /* TencentOpenAPI.framework */,
				60FFF3151C4E1C5500A93D7E /* TencentOpenApi_IOS_Bundle.bundle */,
			);
			path = QQSDK;
			sourceTree = "<group>";
		};
		60FFF3161C4E1C5500A93D7E /* SinaWeiboSDK */ = {
			isa = PBXGroup;
			children = (
				60FFF3171C4E1C5500A93D7E /* libWeiboSDK.a */,
				60FFF3181C4E1C5500A93D7E /* WBHttpRequest+WeiboGame.h */,
				60FFF3191C4E1C5500A93D7E /* WBHttpRequest+WeiboShare.h */,
				60FFF31A1C4E1C5500A93D7E /* WBHttpRequest+WeiboToken.h */,
				60FFF31B1C4E1C5500A93D7E /* WBHttpRequest+WeiboUser.h */,
				60FFF31C1C4E1C5500A93D7E /* WBHttpRequest.h */,
				60FFF31D1C4E1C5500A93D7E /* WBSDKBasicButton.h */,
				60FFF31E1C4E1C5500A93D7E /* WBSDKCommentButton.h */,
				60FFF31F1C4E1C5500A93D7E /* WBSDKRelationshipButton.h */,
				60FFF3201C4E1C5500A93D7E /* WeiboSDK+Statistics.h */,
				60FFF3211C4E1C5500A93D7E /* WeiboSDK.bundle */,
				60FFF3221C4E1C5500A93D7E /* WeiboSDK.h */,
				60FFF3231C4E1C5500A93D7E /* WeiboUser.h */,
			);
			path = SinaWeiboSDK;
			sourceTree = "<group>";
		};
		60FFF3241C4E1C5500A93D7E /* WeChatSDK */ = {
			isa = PBXGroup;
			children = (
				60FFF3251C4E1C5500A93D7E /* libWeChatSDK.a */,
				60FFF3261C4E1C5500A93D7E /* read_me.txt */,
				60FFF3271C4E1C5500A93D7E /* WechatAuthSDK.h */,
				60FFF3281C4E1C5500A93D7E /* WXApi.h */,
				60FFF3291C4E1C5500A93D7E /* WXApiObject.h */,
			);
			path = WeChatSDK;
			sourceTree = "<group>";
		};
		806B927F4258F3C39C4A6FFC /* Pods */ = {
			isa = PBXGroup;
			children = (
				7CF8A6CDA904B4E69164FB16 /* Pods.debug.xcconfig */,
				DEBDCA98E09B43FC480BFFCD /* Pods.release.xcconfig */,
			);
			name = Pods;
			sourceTree = "<group>";
		};
		E0B37D9DF7A0608E3113872A /* Frameworks */ = {
			isa = PBXGroup;
			children = (
				60584F231C4E286700F23B95 /* libicucore.tbd */,
				60584F211C4E285C00F23B95 /* libz.tbd */,
				60584F1F1C4E285500F23B95 /* libstdc++.tbd */,
				60584F1D1C4E25BD00F23B95 /* JavaScriptCore.framework */,
				60584F1B1C4E25B200F23B95 /* ImageIO.framework */,
				60584F191C4E25A900F23B95 /* AdSupport.framework */,
				60584F171C4E24EB00F23B95 /* libsqlite3.tbd */,
				8CA3CD9155C4F68979E05568 /* libPods.a */,
			);
			name = Frameworks;
			sourceTree = "<group>";
		};
		F290AD0D1C4E5317005F05AC /* DCPicscrollView */ = {
			isa = PBXGroup;
			children = (
				F290AD0E1C4E5317005F05AC /* DCPicScrollView.h */,
				F290AD0F1C4E5317005F05AC /* DCPicScrollView.m */,
				F290AD101C4E5317005F05AC /* DCWebImageManager.h */,
				F290AD111C4E5317005F05AC /* DCWebImageManager.m */,
			);
			path = DCPicscrollView;
			sourceTree = "<group>";
		};
/* End PBXGroup section */

/* Begin PBXNativeTarget section */
		60DD42991C43A8F90041572F /* iOS_FanmoreIndiana */ = {
			isa = PBXNativeTarget;
			buildConfigurationList = 60DD42C71C43A8F90041572F /* Build configuration list for PBXNativeTarget "iOS_FanmoreIndiana" */;
			buildPhases = (
				00DD9B9CB788EAE18A2CBBB4 /* Check Pods Manifest.lock */,
				60DD42961C43A8F90041572F /* Sources */,
				60DD42971C43A8F90041572F /* Frameworks */,
				60DD42981C43A8F90041572F /* Resources */,
				9CCF02E30F39B3600BB29057 /* Embed Pods Frameworks */,
				6DAD6C243DB527EC9BF7251C /* Copy Pods Resources */,
			);
			buildRules = (
			);
			dependencies = (
			);
			name = iOS_FanmoreIndiana;
			productName = iOS_FanmoreIndiana;
			productReference = 60DD429A1C43A8F90041572F /* iOS_FanmoreIndiana.app */;
			productType = "com.apple.product-type.application";
		};
		60DD42B21C43A8F90041572F /* iOS_FanmoreIndianaTests */ = {
			isa = PBXNativeTarget;
			buildConfigurationList = 60DD42CA1C43A8F90041572F /* Build configuration list for PBXNativeTarget "iOS_FanmoreIndianaTests" */;
			buildPhases = (
				60DD42AF1C43A8F90041572F /* Sources */,
				60DD42B01C43A8F90041572F /* Frameworks */,
				60DD42B11C43A8F90041572F /* Resources */,
			);
			buildRules = (
			);
			dependencies = (
				60DD42B51C43A8F90041572F /* PBXTargetDependency */,
			);
			name = iOS_FanmoreIndianaTests;
			productName = iOS_FanmoreIndianaTests;
			productReference = 60DD42B31C43A8F90041572F /* iOS_FanmoreIndianaTests.xctest */;
			productType = "com.apple.product-type.bundle.unit-test";
		};
		60DD42BD1C43A8F90041572F /* iOS_FanmoreIndianaUITests */ = {
			isa = PBXNativeTarget;
			buildConfigurationList = 60DD42CD1C43A8F90041572F /* Build configuration list for PBXNativeTarget "iOS_FanmoreIndianaUITests" */;
			buildPhases = (
				60DD42BA1C43A8F90041572F /* Sources */,
				60DD42BB1C43A8F90041572F /* Frameworks */,
				60DD42BC1C43A8F90041572F /* Resources */,
			);
			buildRules = (
			);
			dependencies = (
				60DD42C01C43A8F90041572F /* PBXTargetDependency */,
			);
			name = iOS_FanmoreIndianaUITests;
			productName = iOS_FanmoreIndianaUITests;
			productReference = 60DD42BE1C43A8F90041572F /* iOS_FanmoreIndianaUITests.xctest */;
			productType = "com.apple.product-type.bundle.ui-testing";
		};
/* End PBXNativeTarget section */

/* Begin PBXProject section */
		60DD42921C43A8F90041572F /* Project object */ = {
			isa = PBXProject;
			attributes = {
				LastUpgradeCheck = 0720;
				ORGANIZATIONNAME = "刘琛";
				TargetAttributes = {
					60DD42991C43A8F90041572F = {
						CreatedOnToolsVersion = 7.2;
					};
					60DD42B21C43A8F90041572F = {
						CreatedOnToolsVersion = 7.2;
						TestTargetID = 60DD42991C43A8F90041572F;
					};
					60DD42BD1C43A8F90041572F = {
						CreatedOnToolsVersion = 7.2;
						TestTargetID = 60DD42991C43A8F90041572F;
					};
				};
			};
			buildConfigurationList = 60DD42951C43A8F90041572F /* Build configuration list for PBXProject "iOS_FanmoreIndiana" */;
			compatibilityVersion = "Xcode 3.2";
			developmentRegion = English;
			hasScannedForEncodings = 0;
			knownRegions = (
				en,
				Base,
			);
			mainGroup = 60DD42911C43A8F90041572F;
			productRefGroup = 60DD429B1C43A8F90041572F /* Products */;
			projectDirPath = "";
			projectRoot = "";
			targets = (
				60DD42991C43A8F90041572F /* iOS_FanmoreIndiana */,
				60DD42B21C43A8F90041572F /* iOS_FanmoreIndianaTests */,
				60DD42BD1C43A8F90041572F /* iOS_FanmoreIndianaUITests */,
			);
		};
/* End PBXProject section */

/* Begin PBXResourcesBuildPhase section */
		60DD42981C43A8F90041572F /* Resources */ = {
			isa = PBXResourcesBuildPhase;
			buildActionMask = 2147483647;
			files = (
				60DD42AA1C43A8F90041572F /* Assets.xcassets in Resources */,
				6031C5441C4C922600D6B567 /* HomeCollectionViewCell.xib in Resources */,
				F290AD1B1C4E6811005F05AC /* labelCollectionViewCell.xib in Resources */,
				F290AD061C4E50A3005F05AC /* HomeFourBtnCView.xib in Resources */,
				60FFF2FB1C4E1B5400A93D7E /* LICENSE in Resources */,
				F21986A81C4F288500966A2C /* HomeHeadCollectionViewCell.xib in Resources */,
				60FFF3321C4E1C5500A93D7E /* TencentOpenApi_IOS_Bundle.bundle in Resources */,
				60FFF3381C4E1C5500A93D7E /* ShareSDK.bundle in Resources */,
				60DD42A81C43A8F90041572F /* Main.storyboard in Resources */,
				60FFF3341C4E1C5500A93D7E /* WeiboSDK.bundle in Resources */,
				60FFF33C1C4E1C5500A93D7E /* ShareSDKUI.bundle in Resources */,
				60FFF3361C4E1C5500A93D7E /* read_me.txt in Resources */,
			);
			runOnlyForDeploymentPostprocessing = 0;
		};
		60DD42B11C43A8F90041572F /* Resources */ = {
			isa = PBXResourcesBuildPhase;
			buildActionMask = 2147483647;
			files = (
			);
			runOnlyForDeploymentPostprocessing = 0;
		};
		60DD42BC1C43A8F90041572F /* Resources */ = {
			isa = PBXResourcesBuildPhase;
			buildActionMask = 2147483647;
			files = (
			);
			runOnlyForDeploymentPostprocessing = 0;
		};
/* End PBXResourcesBuildPhase section */

/* Begin PBXShellScriptBuildPhase section */
		00DD9B9CB788EAE18A2CBBB4 /* Check Pods Manifest.lock */ = {
			isa = PBXShellScriptBuildPhase;
			buildActionMask = 2147483647;
			files = (
			);
			inputPaths = (
			);
			name = "Check Pods Manifest.lock";
			outputPaths = (
			);
			runOnlyForDeploymentPostprocessing = 0;
			shellPath = /bin/sh;
			shellScript = "diff \"${PODS_ROOT}/../Podfile.lock\" \"${PODS_ROOT}/Manifest.lock\" > /dev/null\nif [[ $? != 0 ]] ; then\n    cat << EOM\nerror: The sandbox is not in sync with the Podfile.lock. Run 'pod install' or update your CocoaPods installation.\nEOM\n    exit 1\nfi\n";
			showEnvVarsInLog = 0;
		};
		6DAD6C243DB527EC9BF7251C /* Copy Pods Resources */ = {
			isa = PBXShellScriptBuildPhase;
			buildActionMask = 2147483647;
			files = (
			);
			inputPaths = (
			);
			name = "Copy Pods Resources";
			outputPaths = (
			);
			runOnlyForDeploymentPostprocessing = 0;
			shellPath = /bin/sh;
			shellScript = "\"${SRCROOT}/Pods/Target Support Files/Pods/Pods-resources.sh\"\n";
			showEnvVarsInLog = 0;
		};
		9CCF02E30F39B3600BB29057 /* Embed Pods Frameworks */ = {
			isa = PBXShellScriptBuildPhase;
			buildActionMask = 2147483647;
			files = (
			);
			inputPaths = (
			);
			name = "Embed Pods Frameworks";
			outputPaths = (
			);
			runOnlyForDeploymentPostprocessing = 0;
			shellPath = /bin/sh;
			shellScript = "\"${SRCROOT}/Pods/Target Support Files/Pods/Pods-frameworks.sh\"\n";
			showEnvVarsInLog = 0;
		};
/* End PBXShellScriptBuildPhase section */

/* Begin PBXSourcesBuildPhase section */
		60DD42961C43A8F90041572F /* Sources */ = {
			isa = PBXSourcesBuildPhase;
			buildActionMask = 2147483647;
			files = (
				60FFF2F71C4E1B5400A93D7E /* AFURLConnectionOperation.m in Sources */,
				F290AD131C4E5317005F05AC /* DCWebImageManager.m in Sources */,
				60FFF2C71C4E19CC00A93D7E /* LoginController.m in Sources */,
				60FFF3031C4E1B5400A93D7E /* UIRefreshControl+AFNetworking.m in Sources */,
				60584F081C4E225B00F23B95 /* NSString+EXTERN.m in Sources */,
				F290AD051C4E50A3005F05AC /* HomeFourBtnCView.m in Sources */,
				60584F071C4E225B00F23B95 /* NSDictionary+HuoBanMallSign.m in Sources */,
				60FFF3001C4E1B5400A93D7E /* UIButton+AFNetworking.m in Sources */,
				60FFF3021C4E1B5400A93D7E /* UIProgressView+AFNetworking.m in Sources */,
				60584F271C4E39FD00F23B95 /* TabBarController.m in Sources */,
				F290AD121C4E5317005F05AC /* DCPicScrollView.m in Sources */,
				6031C53F1C4C8E9F00D6B567 /* XLPlainFlowLayout.m in Sources */,
				60DD42A21C43A8F90041572F /* AppDelegate.m in Sources */,
				60FFF2FF1C4E1B5400A93D7E /* UIAlertView+AFNetworking.m in Sources */,
				60584F141C4E228D00F23B95 /* Base64Util.m in Sources */,
				60FFF3101C4E1B8800A93D7E /* UITableView+CJ.m in Sources */,
				60FFF2F91C4E1B5400A93D7E /* AFURLResponseSerialization.m in Sources */,
				60584F151C4E228D00F23B95 /* GTMBase64.m in Sources */,
				606E79E41C4DDE43000F3027 /* DetailController.m in Sources */,
				60584F0B1C4E225F00F23B95 /* UIViewController+NAV.m in Sources */,
				60FFF2F81C4E1B5400A93D7E /* AFURLRequestSerialization.m in Sources */,
				60FFF3011C4E1B5400A93D7E /* UIImageView+AFNetworking.m in Sources */,
				F290AD011C4E5068005F05AC /* UILabel+FMLableStyle.m in Sources */,
				60FFF2F61C4E1B5400A93D7E /* AFSecurityPolicy.m in Sources */,
				60FFF2FE1C4E1B5400A93D7E /* UIActivityIndicatorView+AFNetworking.m in Sources */,
				60FFF2FD1C4E1B5400A93D7E /* AFNetworkActivityIndicatorManager.m in Sources */,
				60FFF2F21C4E1B5400A93D7E /* AFHTTPRequestOperation.m in Sources */,
				F21986A71C4F288500966A2C /* HomeHeadCollectionViewCell.m in Sources */,
				60FFF2FA1C4E1B5400A93D7E /* AFURLSessionManager.m in Sources */,
				6031C53C1C4C89B900D6B567 /* HomeController.m in Sources */,
				60FFF2FC1C4E1B5400A93D7E /* README.md in Sources */,
				60DD429F1C43A8F90041572F /* main.m in Sources */,
				F290AD1A1C4E6811005F05AC /* labelCollectionViewCell.m in Sources */,
				60584F161C4E228D00F23B95 /* MD5Encryption.m in Sources */,
				60FFF30D1C4E1B6000A93D7E /* WXUtil.mm in Sources */,
				60FFF2F41C4E1B5400A93D7E /* AFHTTPSessionManager.m in Sources */,
				6031C5431C4C922600D6B567 /* HomeCollectionViewCell.m in Sources */,
				60FFF3041C4E1B5400A93D7E /* UIWebView+AFNetworking.m in Sources */,
				60FFF2F51C4E1B5400A93D7E /* AFNetworkReachabilityManager.m in Sources */,
				60FFF2F31C4E1B5400A93D7E /* AFHTTPRequestOperationManager.m in Sources */,
			);
			runOnlyForDeploymentPostprocessing = 0;
		};
		60DD42AF1C43A8F90041572F /* Sources */ = {
			isa = PBXSourcesBuildPhase;
			buildActionMask = 2147483647;
			files = (
				60DD42B81C43A8F90041572F /* iOS_FanmoreIndianaTests.m in Sources */,
			);
			runOnlyForDeploymentPostprocessing = 0;
		};
		60DD42BA1C43A8F90041572F /* Sources */ = {
			isa = PBXSourcesBuildPhase;
			buildActionMask = 2147483647;
			files = (
				6031C5461C4CE63E00D6B567 /* HomeController.m in Sources */,
				60DD42C31C43A8F90041572F /* iOS_FanmoreIndianaUITests.m in Sources */,
			);
			runOnlyForDeploymentPostprocessing = 0;
		};
/* End PBXSourcesBuildPhase section */

/* Begin PBXTargetDependency section */
		60DD42B51C43A8F90041572F /* PBXTargetDependency */ = {
			isa = PBXTargetDependency;
			target = 60DD42991C43A8F90041572F /* iOS_FanmoreIndiana */;
			targetProxy = 60DD42B41C43A8F90041572F /* PBXContainerItemProxy */;
		};
		60DD42C01C43A8F90041572F /* PBXTargetDependency */ = {
			isa = PBXTargetDependency;
			target = 60DD42991C43A8F90041572F /* iOS_FanmoreIndiana */;
			targetProxy = 60DD42BF1C43A8F90041572F /* PBXContainerItemProxy */;
		};
/* End PBXTargetDependency section */

/* Begin PBXVariantGroup section */
		60DD42A61C43A8F90041572F /* Main.storyboard */ = {
			isa = PBXVariantGroup;
			children = (
				60DD42A71C43A8F90041572F /* Base */,
			);
			name = Main.storyboard;
			sourceTree = "<group>";
		};
/* End PBXVariantGroup section */

/* Begin XCBuildConfiguration section */
		60DD42C51C43A8F90041572F /* Debug */ = {
			isa = XCBuildConfiguration;
			buildSettings = {
				ALWAYS_SEARCH_USER_PATHS = NO;
				CLANG_CXX_LANGUAGE_STANDARD = "gnu++0x";
				CLANG_CXX_LIBRARY = "libc++";
				CLANG_ENABLE_MODULES = YES;
				CLANG_ENABLE_OBJC_ARC = YES;
				CLANG_WARN_BOOL_CONVERSION = YES;
				CLANG_WARN_CONSTANT_CONVERSION = YES;
				CLANG_WARN_DIRECT_OBJC_ISA_USAGE = YES_ERROR;
				CLANG_WARN_EMPTY_BODY = YES;
				CLANG_WARN_ENUM_CONVERSION = YES;
				CLANG_WARN_INT_CONVERSION = YES;
				CLANG_WARN_OBJC_ROOT_CLASS = YES_ERROR;
				CLANG_WARN_UNREACHABLE_CODE = YES;
				CLANG_WARN__DUPLICATE_METHOD_MATCH = YES;
				"CODE_SIGN_IDENTITY[sdk=iphoneos*]" = "iPhone Developer";
				COPY_PHASE_STRIP = NO;
				DEBUG_INFORMATION_FORMAT = dwarf;
				ENABLE_STRICT_OBJC_MSGSEND = YES;
				ENABLE_TESTABILITY = YES;
				GCC_C_LANGUAGE_STANDARD = gnu99;
				GCC_DYNAMIC_NO_PIC = NO;
				GCC_NO_COMMON_BLOCKS = YES;
				GCC_OPTIMIZATION_LEVEL = 0;
				GCC_PREPROCESSOR_DEFINITIONS = (
					"DEBUG=1",
					"$(inherited)",
				);
				GCC_WARN_64_TO_32_BIT_CONVERSION = YES;
				GCC_WARN_ABOUT_RETURN_TYPE = YES_ERROR;
				GCC_WARN_UNDECLARED_SELECTOR = YES;
				GCC_WARN_UNINITIALIZED_AUTOS = YES_AGGRESSIVE;
				GCC_WARN_UNUSED_FUNCTION = YES;
				GCC_WARN_UNUSED_VARIABLE = YES;
				IPHONEOS_DEPLOYMENT_TARGET = 7.0;
				MTL_ENABLE_DEBUG_INFO = YES;
				ONLY_ACTIVE_ARCH = YES;
				SDKROOT = iphoneos;
				TARGETED_DEVICE_FAMILY = "1,2";
			};
			name = Debug;
		};
		60DD42C61C43A8F90041572F /* Release */ = {
			isa = XCBuildConfiguration;
			buildSettings = {
				ALWAYS_SEARCH_USER_PATHS = NO;
				CLANG_CXX_LANGUAGE_STANDARD = "gnu++0x";
				CLANG_CXX_LIBRARY = "libc++";
				CLANG_ENABLE_MODULES = YES;
				CLANG_ENABLE_OBJC_ARC = YES;
				CLANG_WARN_BOOL_CONVERSION = YES;
				CLANG_WARN_CONSTANT_CONVERSION = YES;
				CLANG_WARN_DIRECT_OBJC_ISA_USAGE = YES_ERROR;
				CLANG_WARN_EMPTY_BODY = YES;
				CLANG_WARN_ENUM_CONVERSION = YES;
				CLANG_WARN_INT_CONVERSION = YES;
				CLANG_WARN_OBJC_ROOT_CLASS = YES_ERROR;
				CLANG_WARN_UNREACHABLE_CODE = YES;
				CLANG_WARN__DUPLICATE_METHOD_MATCH = YES;
				"CODE_SIGN_IDENTITY[sdk=iphoneos*]" = "iPhone Developer";
				COPY_PHASE_STRIP = NO;
				DEBUG_INFORMATION_FORMAT = "dwarf-with-dsym";
				ENABLE_NS_ASSERTIONS = NO;
				ENABLE_STRICT_OBJC_MSGSEND = YES;
				GCC_C_LANGUAGE_STANDARD = gnu99;
				GCC_NO_COMMON_BLOCKS = YES;
				GCC_WARN_64_TO_32_BIT_CONVERSION = YES;
				GCC_WARN_ABOUT_RETURN_TYPE = YES_ERROR;
				GCC_WARN_UNDECLARED_SELECTOR = YES;
				GCC_WARN_UNINITIALIZED_AUTOS = YES_AGGRESSIVE;
				GCC_WARN_UNUSED_FUNCTION = YES;
				GCC_WARN_UNUSED_VARIABLE = YES;
				IPHONEOS_DEPLOYMENT_TARGET = 7.0;
				MTL_ENABLE_DEBUG_INFO = NO;
				SDKROOT = iphoneos;
				TARGETED_DEVICE_FAMILY = "1,2";
				VALIDATE_PRODUCT = YES;
			};
			name = Release;
		};
		60DD42C81C43A8F90041572F /* Debug */ = {
			isa = XCBuildConfiguration;
			baseConfigurationReference = 7CF8A6CDA904B4E69164FB16 /* Pods.debug.xcconfig */;
			buildSettings = {
				ASSETCATALOG_COMPILER_APPICON_NAME = AppIcon;
				ASSETCATALOG_COMPILER_LAUNCHIMAGE_NAME = LaunchImage;
				FRAMEWORK_SEARCH_PATHS = (
					"$(inherited)",
					"$(PROJECT_DIR)/iOS_FanmoreIndiana/classes/other/libraries/extends/QQSDK",
					"$(PROJECT_DIR)/iOS_FanmoreIndiana/classes/other/libraries",
				);
				GCC_PRECOMPILE_PREFIX_HEADER = YES;
				GCC_PREFIX_HEADER = iOS_FanmoreIndiana/PrefixHeader.pch;
				INFOPLIST_FILE = iOS_FanmoreIndiana/Info.plist;
				IPHONEOS_DEPLOYMENT_TARGET = 8.0;
				LD_RUNPATH_SEARCH_PATHS = "$(inherited) @executable_path/Frameworks";
				LIBRARY_SEARCH_PATHS = (
					"$(inherited)",
					"$(PROJECT_DIR)/iOS_FanmoreIndiana/classes/other/libraries/extends/SinaWeiboSDK",
					"$(PROJECT_DIR)/iOS_FanmoreIndiana/classes/other/libraries/extends/WeChatSDK",
				);
				PRODUCT_BUNDLE_IDENTIFIER = "-231.iOS-FanmoreIndiana";
				PRODUCT_NAME = "$(TARGET_NAME)";
				SDKROOT = iphoneos9.2;
			};
			name = Debug;
		};
		60DD42C91C43A8F90041572F /* Release */ = {
			isa = XCBuildConfiguration;
			baseConfigurationReference = DEBDCA98E09B43FC480BFFCD /* Pods.release.xcconfig */;
			buildSettings = {
				ASSETCATALOG_COMPILER_APPICON_NAME = AppIcon;
				ASSETCATALOG_COMPILER_LAUNCHIMAGE_NAME = LaunchImage;
				FRAMEWORK_SEARCH_PATHS = (
					"$(inherited)",
					"$(PROJECT_DIR)/iOS_FanmoreIndiana/classes/other/libraries/extends/QQSDK",
					"$(PROJECT_DIR)/iOS_FanmoreIndiana/classes/other/libraries",
				);
				GCC_PRECOMPILE_PREFIX_HEADER = YES;
				GCC_PREFIX_HEADER = iOS_FanmoreIndiana/PrefixHeader.pch;
				INFOPLIST_FILE = iOS_FanmoreIndiana/Info.plist;
				IPHONEOS_DEPLOYMENT_TARGET = 8.0;
				LD_RUNPATH_SEARCH_PATHS = "$(inherited) @executable_path/Frameworks";
				LIBRARY_SEARCH_PATHS = (
					"$(inherited)",
					"$(PROJECT_DIR)/iOS_FanmoreIndiana/classes/other/libraries/extends/SinaWeiboSDK",
					"$(PROJECT_DIR)/iOS_FanmoreIndiana/classes/other/libraries/extends/WeChatSDK",
				);
				PRODUCT_BUNDLE_IDENTIFIER = "-231.iOS-FanmoreIndiana";
				PRODUCT_NAME = "$(TARGET_NAME)";
				SDKROOT = iphoneos9.2;
			};
			name = Release;
		};
		60DD42CB1C43A8F90041572F /* Debug */ = {
			isa = XCBuildConfiguration;
			buildSettings = {
				BUNDLE_LOADER = "$(TEST_HOST)";
				INFOPLIST_FILE = iOS_FanmoreIndianaTests/Info.plist;
				LD_RUNPATH_SEARCH_PATHS = "$(inherited) @executable_path/Frameworks @loader_path/Frameworks";
				PRODUCT_BUNDLE_IDENTIFIER = "-231.iOS-FanmoreIndianaTests";
				PRODUCT_NAME = "$(TARGET_NAME)";
				TEST_HOST = "$(BUILT_PRODUCTS_DIR)/iOS_FanmoreIndiana.app/iOS_FanmoreIndiana";
			};
			name = Debug;
		};
		60DD42CC1C43A8F90041572F /* Release */ = {
			isa = XCBuildConfiguration;
			buildSettings = {
				BUNDLE_LOADER = "$(TEST_HOST)";
				INFOPLIST_FILE = iOS_FanmoreIndianaTests/Info.plist;
				LD_RUNPATH_SEARCH_PATHS = "$(inherited) @executable_path/Frameworks @loader_path/Frameworks";
				PRODUCT_BUNDLE_IDENTIFIER = "-231.iOS-FanmoreIndianaTests";
				PRODUCT_NAME = "$(TARGET_NAME)";
				TEST_HOST = "$(BUILT_PRODUCTS_DIR)/iOS_FanmoreIndiana.app/iOS_FanmoreIndiana";
			};
			name = Release;
		};
		60DD42CE1C43A8F90041572F /* Debug */ = {
			isa = XCBuildConfiguration;
			buildSettings = {
				INFOPLIST_FILE = iOS_FanmoreIndianaUITests/Info.plist;
				LD_RUNPATH_SEARCH_PATHS = "$(inherited) @executable_path/Frameworks @loader_path/Frameworks";
				PRODUCT_BUNDLE_IDENTIFIER = "-231.iOS-FanmoreIndianaUITests";
				PRODUCT_NAME = "$(TARGET_NAME)";
				TEST_TARGET_NAME = iOS_FanmoreIndiana;
				USES_XCTRUNNER = YES;
			};
			name = Debug;
		};
		60DD42CF1C43A8F90041572F /* Release */ = {
			isa = XCBuildConfiguration;
			buildSettings = {
				INFOPLIST_FILE = iOS_FanmoreIndianaUITests/Info.plist;
				LD_RUNPATH_SEARCH_PATHS = "$(inherited) @executable_path/Frameworks @loader_path/Frameworks";
				PRODUCT_BUNDLE_IDENTIFIER = "-231.iOS-FanmoreIndianaUITests";
				PRODUCT_NAME = "$(TARGET_NAME)";
				TEST_TARGET_NAME = iOS_FanmoreIndiana;
				USES_XCTRUNNER = YES;
			};
			name = Release;
		};
/* End XCBuildConfiguration section */

/* Begin XCConfigurationList section */
		60DD42951C43A8F90041572F /* Build configuration list for PBXProject "iOS_FanmoreIndiana" */ = {
			isa = XCConfigurationList;
			buildConfigurations = (
				60DD42C51C43A8F90041572F /* Debug */,
				60DD42C61C43A8F90041572F /* Release */,
			);
			defaultConfigurationIsVisible = 0;
			defaultConfigurationName = Release;
		};
		60DD42C71C43A8F90041572F /* Build configuration list for PBXNativeTarget "iOS_FanmoreIndiana" */ = {
			isa = XCConfigurationList;
			buildConfigurations = (
				60DD42C81C43A8F90041572F /* Debug */,
				60DD42C91C43A8F90041572F /* Release */,
			);
			defaultConfigurationIsVisible = 0;
			defaultConfigurationName = Release;
		};
		60DD42CA1C43A8F90041572F /* Build configuration list for PBXNativeTarget "iOS_FanmoreIndianaTests" */ = {
			isa = XCConfigurationList;
			buildConfigurations = (
				60DD42CB1C43A8F90041572F /* Debug */,
				60DD42CC1C43A8F90041572F /* Release */,
			);
			defaultConfigurationIsVisible = 0;
			defaultConfigurationName = Release;
		};
		60DD42CD1C43A8F90041572F /* Build configuration list for PBXNativeTarget "iOS_FanmoreIndianaUITests" */ = {
			isa = XCConfigurationList;
			buildConfigurations = (
				60DD42CE1C43A8F90041572F /* Debug */,
				60DD42CF1C43A8F90041572F /* Release */,
			);
			defaultConfigurationIsVisible = 0;
			defaultConfigurationName = Release;
		};
/* End XCConfigurationList section */
	};
	rootObject = 60DD42921C43A8F90041572F /* Project object */;
}
